
Microsoft Visual Studio Solution File, Format Version 12.00
# Visual Studio 2013
VisualStudioVersion = 12.0.40629.0
MinimumVisualStudioVersion = 10.0.40219.1
Project("{8BC9CEB8-8B4A-11D0-8D11-00A0C91BC942}") = "1000", "1000\1000.vcxproj", "{DCAE49F5-6601-4657-9EC5-7BAD523B9CE9}"
EndProject
Project("{8BC9CEB8-8B4A-11D0-8D11-00A0C91BC942}") = "1001", "1001\1001.vcxproj", "{03780ED5-1946-4771-A157-46BD89992D54}"
EndProject
Project("{8BC9CEB8-8B4A-11D0-8D11-00A0C91BC942}") = "1002", "1002\1002.vcxproj", "{097C167F-6D27-4015-B053-99CF11CB3C68}"
EndProject
Project("{8BC9CEB8-8B4A-11D0-8D11-00A0C91BC942}") = "1003", "1003\1003.vcxproj", "{35C912B7-0C48-4198-93CF-A3FBEE1DDFA4}"
EndProject
Project("{8BC9CEB8-8B4A-11D0-8D11-00A0C91BC942}") = "1008", "1008\1008.vcxproj", "{676699AB-ED11-4E77-9DC3-CDE1143F5D87}"
EndProject
Project("{8BC9CEB8-8B4A-11D0-8D11-00A0C91BC942}") = "1009", "1009\1009.vcxproj", "{BF547354-A541-4FF7-AE77-F094DD94545A}"
EndProject
Project("{8BC9CEB8-8B4A-11D0-8D11-00A0C91BC942}") = "1916", "1916\1916.vcxproj", "{665233EE-B6AF-4A73-BA6E-1C886B59DB1C}"
EndProject
Project("{8BC9CEB8-8B4A-11D0-8D11-00A0C91BC942}") = "1920", "1920\1920.vcxproj", "{FFE0A00A-D15B-440B-9F6D-6F220EDFB663}"
EndProject
Project("{8BC9CEB8-8B4A-11D0-8D11-00A0C91BC942}") = "2293", "2293\2293.vcxproj", "{186396B3-DF77-4DE4-BB05-26517BFC0114}"
EndProject
Project("{8BC9CEB8-8B4A-11D0-8D11-00A0C91BC942}") = "2444", "2444\2444.vcxproj", "{DB3EDB96-8C49-4599-8606-ADDA4E211EC7}"
EndProject
Project("{8BC9CEB8-8B4A-11D0-8D11-00A0C91BC942}") = "2557", "2557\2557.vcxproj", "{FDF54C85-969B-4817-9521-81E90D0C433E}"
EndProject
Project("{8BC9CEB8-8B4A-11D0-8D11-00A0C91BC942}") = "2748", "2748\2748.vcxproj", "{43D302D5-A591-4B17-8015-488107D4B69B}"
EndProject
Project("{8BC9CEB8-8B4A-11D0-8D11-00A0C91BC942}") = "2750", "2750\2750.vcxproj", "{0A74307E-5BB7-4093-B655-B6CF0F99DE31}"
EndProject
Project("{8BC9CEB8-8B4A-11D0-8D11-00A0C91BC942}") = "2776", "2776\2776.vcxproj", "{F8EBF8B6-532A-4897-9CBA-AEACD545FFA6}"
EndProject
Project("{8BC9CEB8-8B4A-11D0-8D11-00A0C91BC942}") = "3273", "3273\3273.vcxproj", "{B93D6B8F-014D-4D43-AEE5-F52A52004C69}"
EndProject
Project("{8BC9CEB8-8B4A-11D0-8D11-00A0C91BC942}") = "5522", "5522\5522.vcxproj", "{E3408710-8142-4EF6-BD69-65963375BFAD}"
EndProject
Project("{8BC9CEB8-8B4A-11D0-8D11-00A0C91BC942}") = "9012", "9012\9012.vcxproj", "{5896F140-681B-40E4-AC38-C73B69820E7B}"
EndProject
Project("{8BC9CEB8-8B4A-11D0-8D11-00A0C91BC942}") = "9095", "9095\9095.vcxproj", "{84473705-2311-447A-80C0-F8E25DBF7832}"
EndProject
Project("{8BC9CEB8-8B4A-11D0-8D11-00A0C91BC942}") = "9655", "9655\9655.vcxproj", "{32B5F258-E0E5-4463-BA53-5C195F4D96A2}"
EndProject
Project("{8BC9CEB8-8B4A-11D0-8D11-00A0C91BC942}") = "9656", "9656\9656.vcxproj", "{EF74E45A-4F05-4847-8402-7392F0E52D11}"
EndProject
Project("{8BC9CEB8-8B4A-11D0-8D11-00A0C91BC942}") = "9657", "9657\9657.vcxproj", "{230C76A3-FDD7-467F-9FF2-0CC1785BA789}"
EndProject
Project("{8BC9CEB8-8B4A-11D0-8D11-00A0C91BC942}") = "9658", "9658\9658.vcxproj", "{C635CE61-8779-4BA1-A1BA-B8ACA1352FEF}"
EndProject
Project("{8BC9CEB8-8B4A-11D0-8D11-00A0C91BC942}") = "9659", "9659\9659.vcxproj", "{9BA0143E-2629-4A01-9FDF-DC430B021CF4}"
EndProject
Project("{8BC9CEB8-8B4A-11D0-8D11-00A0C91BC942}") = "10250", "10250\10250.vcxproj", "{B859F8F6-703A-48D6-B359-755C4D23F3A8}"
EndProject
Project("{8BC9CEB8-8B4A-11D0-8D11-00A0C91BC942}") = "10251", "10251\10251.vcxproj", "{77706F2A-F142-4D64-A700-9458AE6BECB1}"
EndProject
Project("{8BC9CEB8-8B4A-11D0-8D11-00A0C91BC942}") = "10253", "10253\10253.vcxproj", "{5EC4F55D-CF7D-459A-B030-F2E64FB995D2}"
EndProject
Project("{8BC9CEB8-8B4A-11D0-8D11-00A0C91BC942}") = "10430", "10430\10430.vcxproj", "{7CCDF8B8-86DF-4F70-9F20-5F249917AC10}"
EndProject
Project("{8BC9CEB8-8B4A-11D0-8D11-00A0C91BC942}") = "10448", "10448\10448.vcxproj", "{E3E8469F-E5C2-44EC-9AAB-371E33D79A3B}"
EndProject
Project("{8BC9CEB8-8B4A-11D0-8D11-00A0C91BC942}") = "10451", "10451\10451.vcxproj", "{6DBEA6B5-E388-464F-A366-D73FD229B9F3}"
EndProject
Project("{8BC9CEB8-8B4A-11D0-8D11-00A0C91BC942}") = "10804", "10804\10804.vcxproj", "{11E0B773-9A96-483D-A096-C54AF93AC354}"
EndProject
Project("{8BC9CEB8-8B4A-11D0-8D11-00A0C91BC942}") = "10869", "10869\10869.vcxproj", "{A82BE3F9-5CC9-4C27-BFE1-922CC2F93299}"
EndProject
Project("{8BC9CEB8-8B4A-11D0-8D11-00A0C91BC942}") = "10998", "10998\10998.vcxproj", "{E60229AE-7C5D-459F-88ED-3E862CA1EFD2}"
EndProject
Project("{8BC9CEB8-8B4A-11D0-8D11-00A0C91BC942}") = "11062", "11062\11062.vcxproj", "{CA27CDB8-DB93-4B00-9680-D22E3C03FC88}"
EndProject
Project("{8BC9CEB8-8B4A-11D0-8D11-00A0C91BC942}") = "11066", "11066\11066.vcxproj", "{1072E232-063D-4ABE-8D9C-B98DA2B1E69E}"
EndProject
Project("{8BC9CEB8-8B4A-11D0-8D11-00A0C91BC942}") = "11067", "11067\11067.vcxproj", "{489236AA-5D4A-4A07-8CF3-A2ECC09DBF1B}"
EndProject
Project("{8BC9CEB8-8B4A-11D0-8D11-00A0C91BC942}") = "11068", "11068\11068.vcxproj", "{D3E05F77-7F59-4A2A-B54F-0FB633B933CF}"
EndProject
Project("{8BC9CEB8-8B4A-11D0-8D11-00A0C91BC942}") = "11070", "11070\11070.vcxproj", "{114B72A3-42F1-4911-917C-E09D50A7D017}"
EndProject
Project("{8BC9CEB8-8B4A-11D0-8D11-00A0C91BC942}") = "10828", "10828\10828.vcxproj", "{A2863D27-67A4-4A4F-8CFA-4C934FCE454A}"
EndProject
Project("{8BC9CEB8-8B4A-11D0-8D11-00A0C91BC942}") = "2493", "2493\2493.vcxproj", "{BFC7B7EA-1D2B-4BBE-B150-47CEF20D0367}"
EndProject
Project("{8BC9CEB8-8B4A-11D0-8D11-00A0C91BC942}") = "1012", "1012\1012.vcxproj", "{33AAAAE5-4D43-4D9F-8905-49F7AC882B11}"
EndProject
Project("{8BC9CEB8-8B4A-11D0-8D11-00A0C91BC942}") = "2805", "2805\2805.vcxproj", "{8879671F-9728-4A23-8773-4F67BEDC4C0A}"
EndProject
Project("{8BC9CEB8-8B4A-11D0-8D11-00A0C91BC942}") = "1654", "1654\1654.vcxproj", "{39E7D58B-D9BC-46F1-82F2-13354F74BA5A}"
EndProject
Project("{8BC9CEB8-8B4A-11D0-8D11-00A0C91BC942}") = "2512", "2512\2512.vcxproj", "{7028CDBB-06AC-4730-ADB1-BECED7791F6D}"
EndProject
Project("{8BC9CEB8-8B4A-11D0-8D11-00A0C91BC942}") = "1032", "1032\1032.vcxproj", "{BA76D225-ACFC-478B-84E6-768CBF56AA4D}"
EndProject
Project("{8BC9CEB8-8B4A-11D0-8D11-00A0C91BC942}") = "11654", "11654\11654.vcxproj", "{18310F80-8C1D-40C4-8046-BF39C6C369DE}"
EndProject
Project("{8BC9CEB8-8B4A-11D0-8D11-00A0C91BC942}") = "10808", "10808\10808.vcxproj", "{164573E2-A4C3-4D7B-83E5-A9A9F421A6BF}"
EndProject
Project("{8BC9CEB8-8B4A-11D0-8D11-00A0C91BC942}") = "2902", "2902\2902.vcxproj", "{7F1F95DC-F2ED-4DD2-95B8-B9825E951E75}"
EndProject
Project("{8BC9CEB8-8B4A-11D0-8D11-00A0C91BC942}") = "13335", "13335\13335.vcxproj", "{7A5C8C6B-756E-4183-80CA-81203270A10B}"
EndProject
Project("{8BC9CEB8-8B4A-11D0-8D11-00A0C91BC942}") = "13333", "13333\13333.vcxproj", "{B10D5CFD-269D-4444-970B-C201E63ABD96}"
EndProject
Project("{8BC9CEB8-8B4A-11D0-8D11-00A0C91BC942}") = "11404", "11404\11404.vcxproj", "{1CC567E1-B769-430C-A29F-10F7EE5B2C70}"
EndProject
Project("{8BC9CEB8-8B4A-11D0-8D11-00A0C91BC942}") = "1149", "1149\1149.vcxproj", "{0C275C57-3299-47E4-9388-56EC63428CAB}"
EndProject
Project("{8BC9CEB8-8B4A-11D0-8D11-00A0C91BC942}") = "1463", "1463\1463.vcxproj", "{CD6BC151-AF5A-4D78-BCD4-59F2227C8C32}"
EndProject
Global
	GlobalSection(SolutionConfigurationPlatforms) = preSolution
		Debug|Win32 = Debug|Win32
		Release|Win32 = Release|Win32
	EndGlobalSection
	GlobalSection(ProjectConfigurationPlatforms) = postSolution
		{DCAE49F5-6601-4657-9EC5-7BAD523B9CE9}.Debug|Win32.ActiveCfg = Debug|Win32
		{DCAE49F5-6601-4657-9EC5-7BAD523B9CE9}.Debug|Win32.Build.0 = Debug|Win32
		{DCAE49F5-6601-4657-9EC5-7BAD523B9CE9}.Release|Win32.ActiveCfg = Release|Win32
		{DCAE49F5-6601-4657-9EC5-7BAD523B9CE9}.Release|Win32.Build.0 = Release|Win32
		{03780ED5-1946-4771-A157-46BD89992D54}.Debug|Win32.ActiveCfg = Debug|Win32
		{03780ED5-1946-4771-A157-46BD89992D54}.Debug|Win32.Build.0 = Debug|Win32
		{03780ED5-1946-4771-A157-46BD89992D54}.Release|Win32.ActiveCfg = Release|Win32
		{03780ED5-1946-4771-A157-46BD89992D54}.Release|Win32.Build.0 = Release|Win32
		{097C167F-6D27-4015-B053-99CF11CB3C68}.Debug|Win32.ActiveCfg = Debug|Win32
		{097C167F-6D27-4015-B053-99CF11CB3C68}.Debug|Win32.Build.0 = Debug|Win32
		{097C167F-6D27-4015-B053-99CF11CB3C68}.Release|Win32.ActiveCfg = Release|Win32
		{097C167F-6D27-4015-B053-99CF11CB3C68}.Release|Win32.Build.0 = Release|Win32
		{35C912B7-0C48-4198-93CF-A3FBEE1DDFA4}.Debug|Win32.ActiveCfg = Debug|Win32
		{35C912B7-0C48-4198-93CF-A3FBEE1DDFA4}.Debug|Win32.Build.0 = Debug|Win32
		{35C912B7-0C48-4198-93CF-A3FBEE1DDFA4}.Release|Win32.ActiveCfg = Release|Win32
		{35C912B7-0C48-4198-93CF-A3FBEE1DDFA4}.Release|Win32.Build.0 = Release|Win32
		{676699AB-ED11-4E77-9DC3-CDE1143F5D87}.Debug|Win32.ActiveCfg = Debug|Win32
		{676699AB-ED11-4E77-9DC3-CDE1143F5D87}.Debug|Win32.Build.0 = Debug|Win32
		{676699AB-ED11-4E77-9DC3-CDE1143F5D87}.Release|Win32.ActiveCfg = Release|Win32
		{676699AB-ED11-4E77-9DC3-CDE1143F5D87}.Release|Win32.Build.0 = Release|Win32
		{BF547354-A541-4FF7-AE77-F094DD94545A}.Debug|Win32.ActiveCfg = Debug|Win32
		{BF547354-A541-4FF7-AE77-F094DD94545A}.Debug|Win32.Build.0 = Debug|Win32
		{BF547354-A541-4FF7-AE77-F094DD94545A}.Release|Win32.ActiveCfg = Release|Win32
		{BF547354-A541-4FF7-AE77-F094DD94545A}.Release|Win32.Build.0 = Release|Win32
		{665233EE-B6AF-4A73-BA6E-1C886B59DB1C}.Debug|Win32.ActiveCfg = Debug|Win32
		{665233EE-B6AF-4A73-BA6E-1C886B59DB1C}.Debug|Win32.Build.0 = Debug|Win32
		{665233EE-B6AF-4A73-BA6E-1C886B59DB1C}.Release|Win32.ActiveCfg = Release|Win32
		{665233EE-B6AF-4A73-BA6E-1C886B59DB1C}.Release|Win32.Build.0 = Release|Win32
		{FFE0A00A-D15B-440B-9F6D-6F220EDFB663}.Debug|Win32.ActiveCfg = Debug|Win32
		{FFE0A00A-D15B-440B-9F6D-6F220EDFB663}.Debug|Win32.Build.0 = Debug|Win32
		{FFE0A00A-D15B-440B-9F6D-6F220EDFB663}.Release|Win32.ActiveCfg = Release|Win32
		{FFE0A00A-D15B-440B-9F6D-6F220EDFB663}.Release|Win32.Build.0 = Release|Win32
		{186396B3-DF77-4DE4-BB05-26517BFC0114}.Debug|Win32.ActiveCfg = Debug|Win32
		{186396B3-DF77-4DE4-BB05-26517BFC0114}.Debug|Win32.Build.0 = Debug|Win32
		{186396B3-DF77-4DE4-BB05-26517BFC0114}.Release|Win32.ActiveCfg = Release|Win32
		{186396B3-DF77-4DE4-BB05-26517BFC0114}.Release|Win32.Build.0 = Release|Win32
		{DB3EDB96-8C49-4599-8606-ADDA4E211EC7}.Debug|Win32.ActiveCfg = Debug|Win32
		{DB3EDB96-8C49-4599-8606-ADDA4E211EC7}.Debug|Win32.Build.0 = Debug|Win32
		{DB3EDB96-8C49-4599-8606-ADDA4E211EC7}.Release|Win32.ActiveCfg = Release|Win32
		{DB3EDB96-8C49-4599-8606-ADDA4E211EC7}.Release|Win32.Build.0 = Release|Win32
		{FDF54C85-969B-4817-9521-81E90D0C433E}.Debug|Win32.ActiveCfg = Debug|Win32
		{FDF54C85-969B-4817-9521-81E90D0C433E}.Debug|Win32.Build.0 = Debug|Win32
		{FDF54C85-969B-4817-9521-81E90D0C433E}.Release|Win32.ActiveCfg = Release|Win32
		{FDF54C85-969B-4817-9521-81E90D0C433E}.Release|Win32.Build.0 = Release|Win32
		{43D302D5-A591-4B17-8015-488107D4B69B}.Debug|Win32.ActiveCfg = Debug|Win32
		{43D302D5-A591-4B17-8015-488107D4B69B}.Debug|Win32.Build.0 = Debug|Win32
		{43D302D5-A591-4B17-8015-488107D4B69B}.Release|Win32.ActiveCfg = Release|Win32
		{43D302D5-A591-4B17-8015-488107D4B69B}.Release|Win32.Build.0 = Release|Win32
		{0A74307E-5BB7-4093-B655-B6CF0F99DE31}.Debug|Win32.ActiveCfg = Debug|Win32
		{0A74307E-5BB7-4093-B655-B6CF0F99DE31}.Debug|Win32.Build.0 = Debug|Win32
		{0A74307E-5BB7-4093-B655-B6CF0F99DE31}.Release|Win32.ActiveCfg = Release|Win32
		{0A74307E-5BB7-4093-B655-B6CF0F99DE31}.Release|Win32.Build.0 = Release|Win32
		{F8EBF8B6-532A-4897-9CBA-AEACD545FFA6}.Debug|Win32.ActiveCfg = Debug|Win32
		{F8EBF8B6-532A-4897-9CBA-AEACD545FFA6}.Debug|Win32.Build.0 = Debug|Win32
		{F8EBF8B6-532A-4897-9CBA-AEACD545FFA6}.Release|Win32.ActiveCfg = Release|Win32
		{F8EBF8B6-532A-4897-9CBA-AEACD545FFA6}.Release|Win32.Build.0 = Release|Win32
		{B93D6B8F-014D-4D43-AEE5-F52A52004C69}.Debug|Win32.ActiveCfg = Debug|Win32
		{B93D6B8F-014D-4D43-AEE5-F52A52004C69}.Debug|Win32.Build.0 = Debug|Win32
		{B93D6B8F-014D-4D43-AEE5-F52A52004C69}.Release|Win32.ActiveCfg = Release|Win32
		{B93D6B8F-014D-4D43-AEE5-F52A52004C69}.Release|Win32.Build.0 = Release|Win32
		{E3408710-8142-4EF6-BD69-65963375BFAD}.Debug|Win32.ActiveCfg = Debug|Win32
		{E3408710-8142-4EF6-BD69-65963375BFAD}.Debug|Win32.Build.0 = Debug|Win32
		{E3408710-8142-4EF6-BD69-65963375BFAD}.Release|Win32.ActiveCfg = Release|Win32
		{E3408710-8142-4EF6-BD69-65963375BFAD}.Release|Win32.Build.0 = Release|Win32
		{5896F140-681B-40E4-AC38-C73B69820E7B}.Debug|Win32.ActiveCfg = Debug|Win32
		{5896F140-681B-40E4-AC38-C73B69820E7B}.Debug|Win32.Build.0 = Debug|Win32
		{5896F140-681B-40E4-AC38-C73B69820E7B}.Release|Win32.ActiveCfg = Release|Win32
		{5896F140-681B-40E4-AC38-C73B69820E7B}.Release|Win32.Build.0 = Release|Win32
		{84473705-2311-447A-80C0-F8E25DBF7832}.Debug|Win32.ActiveCfg = Debug|Win32
		{84473705-2311-447A-80C0-F8E25DBF7832}.Debug|Win32.Build.0 = Debug|Win32
		{84473705-2311-447A-80C0-F8E25DBF7832}.Release|Win32.ActiveCfg = Release|Win32
		{84473705-2311-447A-80C0-F8E25DBF7832}.Release|Win32.Build.0 = Release|Win32
		{32B5F258-E0E5-4463-BA53-5C195F4D96A2}.Debug|Win32.ActiveCfg = Debug|Win32
		{32B5F258-E0E5-4463-BA53-5C195F4D96A2}.Debug|Win32.Build.0 = Debug|Win32
		{32B5F258-E0E5-4463-BA53-5C195F4D96A2}.Release|Win32.ActiveCfg = Release|Win32
		{32B5F258-E0E5-4463-BA53-5C195F4D96A2}.Release|Win32.Build.0 = Release|Win32
		{EF74E45A-4F05-4847-8402-7392F0E52D11}.Debug|Win32.ActiveCfg = Debug|Win32
		{EF74E45A-4F05-4847-8402-7392F0E52D11}.Debug|Win32.Build.0 = Debug|Win32
		{EF74E45A-4F05-4847-8402-7392F0E52D11}.Release|Win32.ActiveCfg = Release|Win32
		{EF74E45A-4F05-4847-8402-7392F0E52D11}.Release|Win32.Build.0 = Release|Win32
		{230C76A3-FDD7-467F-9FF2-0CC1785BA789}.Debug|Win32.ActiveCfg = Debug|Win32
		{230C76A3-FDD7-467F-9FF2-0CC1785BA789}.Debug|Win32.Build.0 = Debug|Win32
		{230C76A3-FDD7-467F-9FF2-0CC1785BA789}.Release|Win32.ActiveCfg = Release|Win32
		{230C76A3-FDD7-467F-9FF2-0CC1785BA789}.Release|Win32.Build.0 = Release|Win32
		{C635CE61-8779-4BA1-A1BA-B8ACA1352FEF}.Debug|Win32.ActiveCfg = Debug|Win32
		{C635CE61-8779-4BA1-A1BA-B8ACA1352FEF}.Debug|Win32.Build.0 = Debug|Win32
		{C635CE61-8779-4BA1-A1BA-B8ACA1352FEF}.Release|Win32.ActiveCfg = Release|Win32
		{C635CE61-8779-4BA1-A1BA-B8ACA1352FEF}.Release|Win32.Build.0 = Release|Win32
		{9BA0143E-2629-4A01-9FDF-DC430B021CF4}.Debug|Win32.ActiveCfg = Debug|Win32
		{9BA0143E-2629-4A01-9FDF-DC430B021CF4}.Debug|Win32.Build.0 = Debug|Win32
		{9BA0143E-2629-4A01-9FDF-DC430B021CF4}.Release|Win32.ActiveCfg = Release|Win32
		{9BA0143E-2629-4A01-9FDF-DC430B021CF4}.Release|Win32.Build.0 = Release|Win32
		{B859F8F6-703A-48D6-B359-755C4D23F3A8}.Debug|Win32.ActiveCfg = Debug|Win32
		{B859F8F6-703A-48D6-B359-755C4D23F3A8}.Debug|Win32.Build.0 = Debug|Win32
		{B859F8F6-703A-48D6-B359-755C4D23F3A8}.Release|Win32.ActiveCfg = Release|Win32
		{B859F8F6-703A-48D6-B359-755C4D23F3A8}.Release|Win32.Build.0 = Release|Win32
		{77706F2A-F142-4D64-A700-9458AE6BECB1}.Debug|Win32.ActiveCfg = Debug|Win32
		{77706F2A-F142-4D64-A700-9458AE6BECB1}.Debug|Win32.Build.0 = Debug|Win32
		{77706F2A-F142-4D64-A700-9458AE6BECB1}.Release|Win32.ActiveCfg = Release|Win32
		{77706F2A-F142-4D64-A700-9458AE6BECB1}.Release|Win32.Build.0 = Release|Win32
		{5EC4F55D-CF7D-459A-B030-F2E64FB995D2}.Debug|Win32.ActiveCfg = Debug|Win32
		{5EC4F55D-CF7D-459A-B030-F2E64FB995D2}.Debug|Win32.Build.0 = Debug|Win32
		{5EC4F55D-CF7D-459A-B030-F2E64FB995D2}.Release|Win32.ActiveCfg = Release|Win32
		{5EC4F55D-CF7D-459A-B030-F2E64FB995D2}.Release|Win32.Build.0 = Release|Win32
		{7CCDF8B8-86DF-4F70-9F20-5F249917AC10}.Debug|Win32.ActiveCfg = Debug|Win32
		{7CCDF8B8-86DF-4F70-9F20-5F249917AC10}.Debug|Win32.Build.0 = Debug|Win32
		{7CCDF8B8-86DF-4F70-9F20-5F249917AC10}.Release|Win32.ActiveCfg = Release|Win32
		{7CCDF8B8-86DF-4F70-9F20-5F249917AC10}.Release|Win32.Build.0 = Release|Win32
		{E3E8469F-E5C2-44EC-9AAB-371E33D79A3B}.Debug|Win32.ActiveCfg = Debug|Win32
		{E3E8469F-E5C2-44EC-9AAB-371E33D79A3B}.Debug|Win32.Build.0 = Debug|Win32
		{E3E8469F-E5C2-44EC-9AAB-371E33D79A3B}.Release|Win32.ActiveCfg = Release|Win32
		{E3E8469F-E5C2-44EC-9AAB-371E33D79A3B}.Release|Win32.Build.0 = Release|Win32
		{6DBEA6B5-E388-464F-A366-D73FD229B9F3}.Debug|Win32.ActiveCfg = Debug|Win32
		{6DBEA6B5-E388-464F-A366-D73FD229B9F3}.Debug|Win32.Build.0 = Debug|Win32
		{6DBEA6B5-E388-464F-A366-D73FD229B9F3}.Release|Win32.ActiveCfg = Release|Win32
		{6DBEA6B5-E388-464F-A366-D73FD229B9F3}.Release|Win32.Build.0 = Release|Win32
		{11E0B773-9A96-483D-A096-C54AF93AC354}.Debug|Win32.ActiveCfg = Debug|Win32
		{11E0B773-9A96-483D-A096-C54AF93AC354}.Debug|Win32.Build.0 = Debug|Win32
		{11E0B773-9A96-483D-A096-C54AF93AC354}.Release|Win32.ActiveCfg = Release|Win32
		{11E0B773-9A96-483D-A096-C54AF93AC354}.Release|Win32.Build.0 = Release|Win32
		{A82BE3F9-5CC9-4C27-BFE1-922CC2F93299}.Debug|Win32.ActiveCfg = Debug|Win32
		{A82BE3F9-5CC9-4C27-BFE1-922CC2F93299}.Debug|Win32.Build.0 = Debug|Win32
		{A82BE3F9-5CC9-4C27-BFE1-922CC2F93299}.Release|Win32.ActiveCfg = Release|Win32
		{A82BE3F9-5CC9-4C27-BFE1-922CC2F93299}.Release|Win32.Build.0 = Release|Win32
		{E60229AE-7C5D-459F-88ED-3E862CA1EFD2}.Debug|Win32.ActiveCfg = Debug|Win32
		{E60229AE-7C5D-459F-88ED-3E862CA1EFD2}.Debug|Win32.Build.0 = Debug|Win32
		{E60229AE-7C5D-459F-88ED-3E862CA1EFD2}.Release|Win32.ActiveCfg = Release|Win32
		{E60229AE-7C5D-459F-88ED-3E862CA1EFD2}.Release|Win32.Build.0 = Release|Win32
		{CA27CDB8-DB93-4B00-9680-D22E3C03FC88}.Debug|Win32.ActiveCfg = Debug|Win32
		{CA27CDB8-DB93-4B00-9680-D22E3C03FC88}.Debug|Win32.Build.0 = Debug|Win32
		{CA27CDB8-DB93-4B00-9680-D22E3C03FC88}.Release|Win32.ActiveCfg = Release|Win32
		{CA27CDB8-DB93-4B00-9680-D22E3C03FC88}.Release|Win32.Build.0 = Release|Win32
		{1072E232-063D-4ABE-8D9C-B98DA2B1E69E}.Debug|Win32.ActiveCfg = Debug|Win32
		{1072E232-063D-4ABE-8D9C-B98DA2B1E69E}.Debug|Win32.Build.0 = Debug|Win32
		{1072E232-063D-4ABE-8D9C-B98DA2B1E69E}.Release|Win32.ActiveCfg = Release|Win32
		{1072E232-063D-4ABE-8D9C-B98DA2B1E69E}.Release|Win32.Build.0 = Release|Win32
		{489236AA-5D4A-4A07-8CF3-A2ECC09DBF1B}.Debug|Win32.ActiveCfg = Debug|Win32
		{489236AA-5D4A-4A07-8CF3-A2ECC09DBF1B}.Debug|Win32.Build.0 = Debug|Win32
		{489236AA-5D4A-4A07-8CF3-A2ECC09DBF1B}.Release|Win32.ActiveCfg = Release|Win32
		{489236AA-5D4A-4A07-8CF3-A2ECC09DBF1B}.Release|Win32.Build.0 = Release|Win32
		{D3E05F77-7F59-4A2A-B54F-0FB633B933CF}.Debug|Win32.ActiveCfg = Debug|Win32
		{D3E05F77-7F59-4A2A-B54F-0FB633B933CF}.Debug|Win32.Build.0 = Debug|Win32
		{D3E05F77-7F59-4A2A-B54F-0FB633B933CF}.Release|Win32.ActiveCfg = Release|Win32
		{D3E05F77-7F59-4A2A-B54F-0FB633B933CF}.Release|Win32.Build.0 = Release|Win32
		{114B72A3-42F1-4911-917C-E09D50A7D017}.Debug|Win32.ActiveCfg = Debug|Win32
		{114B72A3-42F1-4911-917C-E09D50A7D017}.Debug|Win32.Build.0 = Debug|Win32
		{114B72A3-42F1-4911-917C-E09D50A7D017}.Release|Win32.ActiveCfg = Release|Win32
		{114B72A3-42F1-4911-917C-E09D50A7D017}.Release|Win32.Build.0 = Release|Win32
		{A2863D27-67A4-4A4F-8CFA-4C934FCE454A}.Debug|Win32.ActiveCfg = Debug|Win32
		{A2863D27-67A4-4A4F-8CFA-4C934FCE454A}.Debug|Win32.Build.0 = Debug|Win32
		{A2863D27-67A4-4A4F-8CFA-4C934FCE454A}.Release|Win32.ActiveCfg = Release|Win32
		{A2863D27-67A4-4A4F-8CFA-4C934FCE454A}.Release|Win32.Build.0 = Release|Win32
		{BFC7B7EA-1D2B-4BBE-B150-47CEF20D0367}.Debug|Win32.ActiveCfg = Debug|Win32
		{BFC7B7EA-1D2B-4BBE-B150-47CEF20D0367}.Debug|Win32.Build.0 = Debug|Win32
		{BFC7B7EA-1D2B-4BBE-B150-47CEF20D0367}.Release|Win32.ActiveCfg = Release|Win32
		{BFC7B7EA-1D2B-4BBE-B150-47CEF20D0367}.Release|Win32.Build.0 = Release|Win32
		{33AAAAE5-4D43-4D9F-8905-49F7AC882B11}.Debug|Win32.ActiveCfg = Debug|Win32
		{33AAAAE5-4D43-4D9F-8905-49F7AC882B11}.Debug|Win32.Build.0 = Debug|Win32
		{33AAAAE5-4D43-4D9F-8905-49F7AC882B11}.Release|Win32.ActiveCfg = Release|Win32
		{33AAAAE5-4D43-4D9F-8905-49F7AC882B11}.Release|Win32.Build.0 = Release|Win32
		{8879671F-9728-4A23-8773-4F67BEDC4C0A}.Debug|Win32.ActiveCfg = Debug|Win32
		{8879671F-9728-4A23-8773-4F67BEDC4C0A}.Debug|Win32.Build.0 = Debug|Win32
		{8879671F-9728-4A23-8773-4F67BEDC4C0A}.Release|Win32.ActiveCfg = Release|Win32
		{8879671F-9728-4A23-8773-4F67BEDC4C0A}.Release|Win32.Build.0 = Release|Win32
		{39E7D58B-D9BC-46F1-82F2-13354F74BA5A}.Debug|Win32.ActiveCfg = Debug|Win32
		{39E7D58B-D9BC-46F1-82F2-13354F74BA5A}.Debug|Win32.Build.0 = Debug|Win32
		{39E7D58B-D9BC-46F1-82F2-13354F74BA5A}.Release|Win32.ActiveCfg = Release|Win32
		{39E7D58B-D9BC-46F1-82F2-13354F74BA5A}.Release|Win32.Build.0 = Release|Win32
		{7028CDBB-06AC-4730-ADB1-BECED7791F6D}.Debug|Win32.ActiveCfg = Debug|Win32
		{7028CDBB-06AC-4730-ADB1-BECED7791F6D}.Debug|Win32.Build.0 = Debug|Win32
		{7028CDBB-06AC-4730-ADB1-BECED7791F6D}.Release|Win32.ActiveCfg = Release|Win32
		{7028CDBB-06AC-4730-ADB1-BECED7791F6D}.Release|Win32.Build.0 = Release|Win32
		{BA76D225-ACFC-478B-84E6-768CBF56AA4D}.Debug|Win32.ActiveCfg = Debug|Win32
		{BA76D225-ACFC-478B-84E6-768CBF56AA4D}.Debug|Win32.Build.0 = Debug|Win32
		{BA76D225-ACFC-478B-84E6-768CBF56AA4D}.Release|Win32.ActiveCfg = Release|Win32
		{BA76D225-ACFC-478B-84E6-768CBF56AA4D}.Release|Win32.Build.0 = Release|Win32
		{18310F80-8C1D-40C4-8046-BF39C6C369DE}.Debug|Win32.ActiveCfg = Debug|Win32
		{18310F80-8C1D-40C4-8046-BF39C6C369DE}.Debug|Win32.Build.0 = Debug|Win32
		{18310F80-8C1D-40C4-8046-BF39C6C369DE}.Release|Win32.ActiveCfg = Release|Win32
		{18310F80-8C1D-40C4-8046-BF39C6C369DE}.Release|Win32.Build.0 = Release|Win32
		{164573E2-A4C3-4D7B-83E5-A9A9F421A6BF}.Debug|Win32.ActiveCfg = Debug|Win32
		{164573E2-A4C3-4D7B-83E5-A9A9F421A6BF}.Debug|Win32.Build.0 = Debug|Win32
		{164573E2-A4C3-4D7B-83E5-A9A9F421A6BF}.Release|Win32.ActiveCfg = Release|Win32
		{164573E2-A4C3-4D7B-83E5-A9A9F421A6BF}.Release|Win32.Build.0 = Release|Win32
		{7F1F95DC-F2ED-4DD2-95B8-B9825E951E75}.Debug|Win32.ActiveCfg = Debug|Win32
		{7F1F95DC-F2ED-4DD2-95B8-B9825E951E75}.Debug|Win32.Build.0 = Debug|Win32
		{7F1F95DC-F2ED-4DD2-95B8-B9825E951E75}.Release|Win32.ActiveCfg = Release|Win32
		{7F1F95DC-F2ED-4DD2-95B8-B9825E951E75}.Release|Win32.Build.0 = Release|Win32
		{7A5C8C6B-756E-4183-80CA-81203270A10B}.Debug|Win32.ActiveCfg = Debug|Win32
		{7A5C8C6B-756E-4183-80CA-81203270A10B}.Debug|Win32.Build.0 = Debug|Win32
		{7A5C8C6B-756E-4183-80CA-81203270A10B}.Release|Win32.ActiveCfg = Release|Win32
		{7A5C8C6B-756E-4183-80CA-81203270A10B}.Release|Win32.Build.0 = Release|Win32
		{B10D5CFD-269D-4444-970B-C201E63ABD96}.Debug|Win32.ActiveCfg = Debug|Win32
		{B10D5CFD-269D-4444-970B-C201E63ABD96}.Debug|Win32.Build.0 = Debug|Win32
		{B10D5CFD-269D-4444-970B-C201E63ABD96}.Release|Win32.ActiveCfg = Release|Win32
		{B10D5CFD-269D-4444-970B-C201E63ABD96}.Release|Win32.Build.0 = Release|Win32
		{1CC567E1-B769-430C-A29F-10F7EE5B2C70}.Debug|Win32.ActiveCfg = Debug|Win32
		{1CC567E1-B769-430C-A29F-10F7EE5B2C70}.Debug|Win32.Build.0 = Debug|Win32
		{1CC567E1-B769-430C-A29F-10F7EE5B2C70}.Release|Win32.ActiveCfg = Release|Win32
		{1CC567E1-B769-430C-A29F-10F7EE5B2C70}.Release|Win32.Build.0 = Release|Win32
		{0C275C57-3299-47E4-9388-56EC63428CAB}.Debug|Win32.ActiveCfg = Debug|Win32
		{0C275C57-3299-47E4-9388-56EC63428CAB}.Debug|Win32.Build.0 = Debug|Win32
		{0C275C57-3299-47E4-9388-56EC63428CAB}.Release|Win32.ActiveCfg = Release|Win32
		{0C275C57-3299-47E4-9388-56EC63428CAB}.Release|Win32.Build.0 = Release|Win32
		{CD6BC151-AF5A-4D78-BCD4-59F2227C8C32}.Debug|Win32.ActiveCfg = Debug|Win32
		{CD6BC151-AF5A-4D78-BCD4-59F2227C8C32}.Debug|Win32.Build.0 = Debug|Win32
		{CD6BC151-AF5A-4D78-BCD4-59F2227C8C32}.Release|Win32.ActiveCfg = Release|Win32
		{CD6BC151-AF5A-4D78-BCD4-59F2227C8C32}.Release|Win32.Build.0 = Release|Win32
	EndGlobalSection
	GlobalSection(SolutionProperties) = preSolution
		HideSolutionNode = FALSE
	EndGlobalSection
EndGlobal
