
Microsoft Visual Studio Solution File, Format Version 12.00
# Visual Studio 2013
VisualStudioVersion = 12.0.40629.0
MinimumVisualStudioVersion = 10.0.40219.1
Project("{8BC9CEB8-8B4A-11D0-8D11-00A0C91BC942}") = "1000", "1000\1000.vcxproj", "{DCAE49F5-6601-4657-9EC5-7BAD523B9CE9}"
EndProject
Project("{8BC9CEB8-8B4A-11D0-8D11-00A0C91BC942}") = "1001", "1001\1001.vcxproj", "{03780ED5-1946-4771-A157-46BD89992D54}"
EndProject
Project("{8BC9CEB8-8B4A-11D0-8D11-00A0C91BC942}") = "1002", "1002\1002.vcxproj", "{097C167F-6D27-4015-B053-99CF11CB3C68}"
EndProject
Project("{8BC9CEB8-8B4A-11D0-8D11-00A0C91BC942}") = "1003", "1003\1003.vcxproj", "{35C912B7-0C48-4198-93CF-A3FBEE1DDFA4}"
EndProject
Project("{8BC9CEB8-8B4A-11D0-8D11-00A0C91BC942}") = "1008", "1008\1008.vcxproj", "{676699AB-ED11-4E77-9DC3-CDE1143F5D87}"
EndProject
Project("{8BC9CEB8-8B4A-11D0-8D11-00A0C91BC942}") = "1009", "1009\1009.vcxproj", "{BF547354-A541-4FF7-AE77-F094DD94545A}"
EndProject
Project("{8BC9CEB8-8B4A-11D0-8D11-00A0C91BC942}") = "1916", "1916\1916.vcxproj", "{665233EE-B6AF-4A73-BA6E-1C886B59DB1C}"
EndProject
Project("{8BC9CEB8-8B4A-11D0-8D11-00A0C91BC942}") = "1920", "1920\1920.vcxproj", "{FFE0A00A-D15B-440B-9F6D-6F220EDFB663}"
EndProject
Project("{8BC9CEB8-8B4A-11D0-8D11-00A0C91BC942}") = "2293", "2293\2293.vcxproj", "{186396B3-DF77-4DE4-BB05-26517BFC0114}"
EndProject
Project("{8BC9CEB8-8B4A-11D0-8D11-00A0C91BC942}") = "2444", "2444\2444.vcxproj", "{DB3EDB96-8C49-4599-8606-ADDA4E211EC7}"
EndProject
Project("{8BC9CEB8-8B4A-11D0-8D11-00A0C91BC942}") = "2557", "2557\2557.vcxproj", "{FDF54C85-969B-4817-9521-81E90D0C433E}"
EndProject
Project("{8BC9CEB8-8B4A-11D0-8D11-00A0C91BC942}") = "2748", "2748\2748.vcxproj", "{43D302D5-A591-4B17-8015-488107D4B69B}"
EndProject
Project("{8BC9CEB8-8B4A-11D0-8D11-00A0C91BC942}") = "2750", "2750\2750.vcxproj", "{0A74307E-5BB7-4093-B655-B6CF0F99DE31}"
EndProject
Project("{8BC9CEB8-8B4A-11D0-8D11-00A0C91BC942}") = "2776", "2776\2776.vcxproj", "{F8EBF8B6-532A-4897-9CBA-AEACD545FFA6}"
EndProject
Project("{8BC9CEB8-8B4A-11D0-8D11-00A0C91BC942}") = "3273", "3273\3273.vcxproj", "{B93D6B8F-014D-4D43-AEE5-F52A52004C69}"
EndProject
Project("{8BC9CEB8-8B4A-11D0-8D11-00A0C91BC942}") = "5522", "5522\5522.vcxproj", "{E3408710-8142-4EF6-BD69-65963375BFAD}"
EndProject
Global
	GlobalSection(SolutionConfigurationPlatforms) = preSolution
		Debug|Win32 = Debug|Win32
		Release|Win32 = Release|Win32
	EndGlobalSection
	GlobalSection(ProjectConfigurationPlatforms) = postSolution
		{DCAE49F5-6601-4657-9EC5-7BAD523B9CE9}.Debug|Win32.ActiveCfg = Debug|Win32
		{DCAE49F5-6601-4657-9EC5-7BAD523B9CE9}.Debug|Win32.Build.0 = Debug|Win32
		{DCAE49F5-6601-4657-9EC5-7BAD523B9CE9}.Release|Win32.ActiveCfg = Release|Win32
		{DCAE49F5-6601-4657-9EC5-7BAD523B9CE9}.Release|Win32.Build.0 = Release|Win32
		{03780ED5-1946-4771-A157-46BD89992D54}.Debug|Win32.ActiveCfg = Debug|Win32
		{03780ED5-1946-4771-A157-46BD89992D54}.Debug|Win32.Build.0 = Debug|Win32
		{03780ED5-1946-4771-A157-46BD89992D54}.Release|Win32.ActiveCfg = Release|Win32
		{03780ED5-1946-4771-A157-46BD89992D54}.Release|Win32.Build.0 = Release|Win32
		{097C167F-6D27-4015-B053-99CF11CB3C68}.Debug|Win32.ActiveCfg = Debug|Win32
		{097C167F-6D27-4015-B053-99CF11CB3C68}.Debug|Win32.Build.0 = Debug|Win32
		{097C167F-6D27-4015-B053-99CF11CB3C68}.Release|Win32.ActiveCfg = Release|Win32
		{097C167F-6D27-4015-B053-99CF11CB3C68}.Release|Win32.Build.0 = Release|Win32
		{35C912B7-0C48-4198-93CF-A3FBEE1DDFA4}.Debug|Win32.ActiveCfg = Debug|Win32
		{35C912B7-0C48-4198-93CF-A3FBEE1DDFA4}.Debug|Win32.Build.0 = Debug|Win32
		{35C912B7-0C48-4198-93CF-A3FBEE1DDFA4}.Release|Win32.ActiveCfg = Release|Win32
		{35C912B7-0C48-4198-93CF-A3FBEE1DDFA4}.Release|Win32.Build.0 = Release|Win32
		{676699AB-ED11-4E77-9DC3-CDE1143F5D87}.Debug|Win32.ActiveCfg = Debug|Win32
		{676699AB-ED11-4E77-9DC3-CDE1143F5D87}.Debug|Win32.Build.0 = Debug|Win32
		{676699AB-ED11-4E77-9DC3-CDE1143F5D87}.Release|Win32.ActiveCfg = Release|Win32
		{676699AB-ED11-4E77-9DC3-CDE1143F5D87}.Release|Win32.Build.0 = Release|Win32
		{BF547354-A541-4FF7-AE77-F094DD94545A}.Debug|Win32.ActiveCfg = Debug|Win32
		{BF547354-A541-4FF7-AE77-F094DD94545A}.Debug|Win32.Build.0 = Debug|Win32
		{BF547354-A541-4FF7-AE77-F094DD94545A}.Release|Win32.ActiveCfg = Release|Win32
		{BF547354-A541-4FF7-AE77-F094DD94545A}.Release|Win32.Build.0 = Release|Win32
		{665233EE-B6AF-4A73-BA6E-1C886B59DB1C}.Debug|Win32.ActiveCfg = Debug|Win32
		{665233EE-B6AF-4A73-BA6E-1C886B59DB1C}.Debug|Win32.Build.0 = Debug|Win32
		{665233EE-B6AF-4A73-BA6E-1C886B59DB1C}.Release|Win32.ActiveCfg = Release|Win32
		{665233EE-B6AF-4A73-BA6E-1C886B59DB1C}.Release|Win32.Build.0 = Release|Win32
		{FFE0A00A-D15B-440B-9F6D-6F220EDFB663}.Debug|Win32.ActiveCfg = Debug|Win32
		{FFE0A00A-D15B-440B-9F6D-6F220EDFB663}.Debug|Win32.Build.0 = Debug|Win32
		{FFE0A00A-D15B-440B-9F6D-6F220EDFB663}.Release|Win32.ActiveCfg = Release|Win32
		{FFE0A00A-D15B-440B-9F6D-6F220EDFB663}.Release|Win32.Build.0 = Release|Win32
		{186396B3-DF77-4DE4-BB05-26517BFC0114}.Debug|Win32.ActiveCfg = Debug|Win32
		{186396B3-DF77-4DE4-BB05-26517BFC0114}.Debug|Win32.Build.0 = Debug|Win32
		{186396B3-DF77-4DE4-BB05-26517BFC0114}.Release|Win32.ActiveCfg = Release|Win32
		{186396B3-DF77-4DE4-BB05-26517BFC0114}.Release|Win32.Build.0 = Release|Win32
		{DB3EDB96-8C49-4599-8606-ADDA4E211EC7}.Debug|Win32.ActiveCfg = Debug|Win32
		{DB3EDB96-8C49-4599-8606-ADDA4E211EC7}.Debug|Win32.Build.0 = Debug|Win32
		{DB3EDB96-8C49-4599-8606-ADDA4E211EC7}.Release|Win32.ActiveCfg = Release|Win32
		{DB3EDB96-8C49-4599-8606-ADDA4E211EC7}.Release|Win32.Build.0 = Release|Win32
		{FDF54C85-969B-4817-9521-81E90D0C433E}.Debug|Win32.ActiveCfg = Debug|Win32
		{FDF54C85-969B-4817-9521-81E90D0C433E}.Debug|Win32.Build.0 = Debug|Win32
		{FDF54C85-969B-4817-9521-81E90D0C433E}.Release|Win32.ActiveCfg = Release|Win32
		{FDF54C85-969B-4817-9521-81E90D0C433E}.Release|Win32.Build.0 = Release|Win32
		{43D302D5-A591-4B17-8015-488107D4B69B}.Debug|Win32.ActiveCfg = Debug|Win32
		{43D302D5-A591-4B17-8015-488107D4B69B}.Debug|Win32.Build.0 = Debug|Win32
		{43D302D5-A591-4B17-8015-488107D4B69B}.Release|Win32.ActiveCfg = Release|Win32
		{43D302D5-A591-4B17-8015-488107D4B69B}.Release|Win32.Build.0 = Release|Win32
		{0A74307E-5BB7-4093-B655-B6CF0F99DE31}.Debug|Win32.ActiveCfg = Debug|Win32
		{0A74307E-5BB7-4093-B655-B6CF0F99DE31}.Debug|Win32.Build.0 = Debug|Win32
		{0A74307E-5BB7-4093-B655-B6CF0F99DE31}.Release|Win32.ActiveCfg = Release|Win32
		{0A74307E-5BB7-4093-B655-B6CF0F99DE31}.Release|Win32.Build.0 = Release|Win32
		{F8EBF8B6-532A-4897-9CBA-AEACD545FFA6}.Debug|Win32.ActiveCfg = Debug|Win32
		{F8EBF8B6-532A-4897-9CBA-AEACD545FFA6}.Debug|Win32.Build.0 = Debug|Win32
		{F8EBF8B6-532A-4897-9CBA-AEACD545FFA6}.Release|Win32.ActiveCfg = Release|Win32
		{F8EBF8B6-532A-4897-9CBA-AEACD545FFA6}.Release|Win32.Build.0 = Release|Win32
		{B93D6B8F-014D-4D43-AEE5-F52A52004C69}.Debug|Win32.ActiveCfg = Debug|Win32
		{B93D6B8F-014D-4D43-AEE5-F52A52004C69}.Debug|Win32.Build.0 = Debug|Win32
		{B93D6B8F-014D-4D43-AEE5-F52A52004C69}.Release|Win32.ActiveCfg = Release|Win32
		{B93D6B8F-014D-4D43-AEE5-F52A52004C69}.Release|Win32.Build.0 = Release|Win32
		{E3408710-8142-4EF6-BD69-65963375BFAD}.Debug|Win32.ActiveCfg = Debug|Win32
		{E3408710-8142-4EF6-BD69-65963375BFAD}.Debug|Win32.Build.0 = Debug|Win32
		{E3408710-8142-4EF6-BD69-65963375BFAD}.Release|Win32.ActiveCfg = Release|Win32
		{E3408710-8142-4EF6-BD69-65963375BFAD}.Release|Win32.Build.0 = Release|Win32
	EndGlobalSection
	GlobalSection(SolutionProperties) = preSolution
		HideSolutionNode = FALSE
	EndGlobalSection
EndGlobal
