
Microsoft Visual Studio Solution File, Format Version 12.00
# Visual Studio 15
VisualStudioVersion = 15.0.26403.7
MinimumVisualStudioVersion = 10.0.40219.1
Project("{8BC9CEB8-8B4A-11D0-8D11-00A0C91BC942}") = "1000", "1000\1000.vcxproj", "{DCAE49F5-6601-4657-9EC5-7BAD523B9CE9}"
EndProject
Project("{8BC9CEB8-8B4A-11D0-8D11-00A0C91BC942}") = "1001", "1001\1001.vcxproj", "{03780ED5-1946-4771-A157-46BD89992D54}"
EndProject
Project("{8BC9CEB8-8B4A-11D0-8D11-00A0C91BC942}") = "1002", "1002\1002.vcxproj", "{097C167F-6D27-4015-B053-99CF11CB3C68}"
EndProject
Project("{8BC9CEB8-8B4A-11D0-8D11-00A0C91BC942}") = "1003", "1003\1003.vcxproj", "{35C912B7-0C48-4198-93CF-A3FBEE1DDFA4}"
EndProject
Project("{8BC9CEB8-8B4A-11D0-8D11-00A0C91BC942}") = "1008", "1008\1008.vcxproj", "{676699AB-ED11-4E77-9DC3-CDE1143F5D87}"
EndProject
Project("{8BC9CEB8-8B4A-11D0-8D11-00A0C91BC942}") = "1009", "1009\1009.vcxproj", "{BF547354-A541-4FF7-AE77-F094DD94545A}"
EndProject
Project("{8BC9CEB8-8B4A-11D0-8D11-00A0C91BC942}") = "1916", "1916\1916.vcxproj", "{665233EE-B6AF-4A73-BA6E-1C886B59DB1C}"
EndProject
Project("{8BC9CEB8-8B4A-11D0-8D11-00A0C91BC942}") = "1920", "1920\1920.vcxproj", "{FFE0A00A-D15B-440B-9F6D-6F220EDFB663}"
EndProject
Project("{8BC9CEB8-8B4A-11D0-8D11-00A0C91BC942}") = "2293", "2293\2293.vcxproj", "{186396B3-DF77-4DE4-BB05-26517BFC0114}"
EndProject
Project("{8BC9CEB8-8B4A-11D0-8D11-00A0C91BC942}") = "2444", "2444\2444.vcxproj", "{DB3EDB96-8C49-4599-8606-ADDA4E211EC7}"
EndProject
Project("{8BC9CEB8-8B4A-11D0-8D11-00A0C91BC942}") = "2557", "2557\2557.vcxproj", "{FDF54C85-969B-4817-9521-81E90D0C433E}"
EndProject
Project("{8BC9CEB8-8B4A-11D0-8D11-00A0C91BC942}") = "2748", "2748\2748.vcxproj", "{43D302D5-A591-4B17-8015-488107D4B69B}"
EndProject
Project("{8BC9CEB8-8B4A-11D0-8D11-00A0C91BC942}") = "2750", "2750\2750.vcxproj", "{0A74307E-5BB7-4093-B655-B6CF0F99DE31}"
EndProject
Project("{8BC9CEB8-8B4A-11D0-8D11-00A0C91BC942}") = "2776", "2776\2776.vcxproj", "{F8EBF8B6-532A-4897-9CBA-AEACD545FFA6}"
EndProject
Project("{8BC9CEB8-8B4A-11D0-8D11-00A0C91BC942}") = "3273", "3273\3273.vcxproj", "{B93D6B8F-014D-4D43-AEE5-F52A52004C69}"
EndProject
Project("{8BC9CEB8-8B4A-11D0-8D11-00A0C91BC942}") = "5522", "5522\5522.vcxproj", "{E3408710-8142-4EF6-BD69-65963375BFAD}"
EndProject
Project("{8BC9CEB8-8B4A-11D0-8D11-00A0C91BC942}") = "9012", "9012\9012.vcxproj", "{5896F140-681B-40E4-AC38-C73B69820E7B}"
EndProject
Project("{8BC9CEB8-8B4A-11D0-8D11-00A0C91BC942}") = "9095", "9095\9095.vcxproj", "{84473705-2311-447A-80C0-F8E25DBF7832}"
EndProject
Project("{8BC9CEB8-8B4A-11D0-8D11-00A0C91BC942}") = "9655", "9655\9655.vcxproj", "{32B5F258-E0E5-4463-BA53-5C195F4D96A2}"
EndProject
Project("{8BC9CEB8-8B4A-11D0-8D11-00A0C91BC942}") = "9656", "9656\9656.vcxproj", "{EF74E45A-4F05-4847-8402-7392F0E52D11}"
EndProject
Project("{8BC9CEB8-8B4A-11D0-8D11-00A0C91BC942}") = "9657", "9657\9657.vcxproj", "{230C76A3-FDD7-467F-9FF2-0CC1785BA789}"
EndProject
Project("{8BC9CEB8-8B4A-11D0-8D11-00A0C91BC942}") = "9658", "9658\9658.vcxproj", "{C635CE61-8779-4BA1-A1BA-B8ACA1352FEF}"
EndProject
Project("{8BC9CEB8-8B4A-11D0-8D11-00A0C91BC942}") = "9659", "9659\9659.vcxproj", "{9BA0143E-2629-4A01-9FDF-DC430B021CF4}"
EndProject
Project("{8BC9CEB8-8B4A-11D0-8D11-00A0C91BC942}") = "10250", "10250\10250.vcxproj", "{B859F8F6-703A-48D6-B359-755C4D23F3A8}"
EndProject
Project("{8BC9CEB8-8B4A-11D0-8D11-00A0C91BC942}") = "10251", "10251\10251.vcxproj", "{77706F2A-F142-4D64-A700-9458AE6BECB1}"
EndProject
Project("{8BC9CEB8-8B4A-11D0-8D11-00A0C91BC942}") = "10253", "10253\10253.vcxproj", "{5EC4F55D-CF7D-459A-B030-F2E64FB995D2}"
EndProject
Project("{8BC9CEB8-8B4A-11D0-8D11-00A0C91BC942}") = "10430", "10430\10430.vcxproj", "{7CCDF8B8-86DF-4F70-9F20-5F249917AC10}"
EndProject
Project("{8BC9CEB8-8B4A-11D0-8D11-00A0C91BC942}") = "10448", "10448\10448.vcxproj", "{E3E8469F-E5C2-44EC-9AAB-371E33D79A3B}"
EndProject
Project("{8BC9CEB8-8B4A-11D0-8D11-00A0C91BC942}") = "10451", "10451\10451.vcxproj", "{6DBEA6B5-E388-464F-A366-D73FD229B9F3}"
EndProject
Project("{8BC9CEB8-8B4A-11D0-8D11-00A0C91BC942}") = "10804", "10804\10804.vcxproj", "{11E0B773-9A96-483D-A096-C54AF93AC354}"
EndProject
Project("{8BC9CEB8-8B4A-11D0-8D11-00A0C91BC942}") = "10869", "10869\10869.vcxproj", "{A82BE3F9-5CC9-4C27-BFE1-922CC2F93299}"
EndProject
Project("{8BC9CEB8-8B4A-11D0-8D11-00A0C91BC942}") = "10998", "10998\10998.vcxproj", "{E60229AE-7C5D-459F-88ED-3E862CA1EFD2}"
EndProject
Project("{8BC9CEB8-8B4A-11D0-8D11-00A0C91BC942}") = "11062", "11062\11062.vcxproj", "{CA27CDB8-DB93-4B00-9680-D22E3C03FC88}"
EndProject
Project("{8BC9CEB8-8B4A-11D0-8D11-00A0C91BC942}") = "11066", "11066\11066.vcxproj", "{1072E232-063D-4ABE-8D9C-B98DA2B1E69E}"
EndProject
Project("{8BC9CEB8-8B4A-11D0-8D11-00A0C91BC942}") = "11067", "11067\11067.vcxproj", "{489236AA-5D4A-4A07-8CF3-A2ECC09DBF1B}"
EndProject
Project("{8BC9CEB8-8B4A-11D0-8D11-00A0C91BC942}") = "11068", "11068\11068.vcxproj", "{D3E05F77-7F59-4A2A-B54F-0FB633B933CF}"
EndProject
Project("{8BC9CEB8-8B4A-11D0-8D11-00A0C91BC942}") = "11070", "11070\11070.vcxproj", "{114B72A3-42F1-4911-917C-E09D50A7D017}"
EndProject
Project("{8BC9CEB8-8B4A-11D0-8D11-00A0C91BC942}") = "10828", "10828\10828.vcxproj", "{A2863D27-67A4-4A4F-8CFA-4C934FCE454A}"
EndProject
Project("{8BC9CEB8-8B4A-11D0-8D11-00A0C91BC942}") = "2493", "2493\2493.vcxproj", "{BFC7B7EA-1D2B-4BBE-B150-47CEF20D0367}"
EndProject
Project("{8BC9CEB8-8B4A-11D0-8D11-00A0C91BC942}") = "1012", "1012\1012.vcxproj", "{33AAAAE5-4D43-4D9F-8905-49F7AC882B11}"
EndProject
Project("{8BC9CEB8-8B4A-11D0-8D11-00A0C91BC942}") = "2805", "2805\2805.vcxproj", "{8879671F-9728-4A23-8773-4F67BEDC4C0A}"
EndProject
Project("{8BC9CEB8-8B4A-11D0-8D11-00A0C91BC942}") = "1654", "1654\1654.vcxproj", "{39E7D58B-D9BC-46F1-82F2-13354F74BA5A}"
EndProject
Project("{8BC9CEB8-8B4A-11D0-8D11-00A0C91BC942}") = "2512", "2512\2512.vcxproj", "{7028CDBB-06AC-4730-ADB1-BECED7791F6D}"
EndProject
Project("{8BC9CEB8-8B4A-11D0-8D11-00A0C91BC942}") = "1032", "1032\1032.vcxproj", "{BA76D225-ACFC-478B-84E6-768CBF56AA4D}"
EndProject
Project("{8BC9CEB8-8B4A-11D0-8D11-00A0C91BC942}") = "11654", "11654\11654.vcxproj", "{18310F80-8C1D-40C4-8046-BF39C6C369DE}"
EndProject
Project("{8BC9CEB8-8B4A-11D0-8D11-00A0C91BC942}") = "10808", "10808\10808.vcxproj", "{164573E2-A4C3-4D7B-83E5-A9A9F421A6BF}"
EndProject
Project("{8BC9CEB8-8B4A-11D0-8D11-00A0C91BC942}") = "2902", "2902\2902.vcxproj", "{7F1F95DC-F2ED-4DD2-95B8-B9825E951E75}"
EndProject
Project("{8BC9CEB8-8B4A-11D0-8D11-00A0C91BC942}") = "13335", "13335\13335.vcxproj", "{7A5C8C6B-756E-4183-80CA-81203270A10B}"
EndProject
Project("{8BC9CEB8-8B4A-11D0-8D11-00A0C91BC942}") = "13333", "13333\13333.vcxproj", "{B10D5CFD-269D-4444-970B-C201E63ABD96}"
EndProject
Project("{8BC9CEB8-8B4A-11D0-8D11-00A0C91BC942}") = "11404", "11404\11404.vcxproj", "{1CC567E1-B769-430C-A29F-10F7EE5B2C70}"
EndProject
Project("{8BC9CEB8-8B4A-11D0-8D11-00A0C91BC942}") = "1149", "1149\1149.vcxproj", "{0C275C57-3299-47E4-9388-56EC63428CAB}"
EndProject
Project("{8BC9CEB8-8B4A-11D0-8D11-00A0C91BC942}") = "1463", "1463\1463.vcxproj", "{CD6BC151-AF5A-4D78-BCD4-59F2227C8C32}"
EndProject
Project("{8BC9CEB8-8B4A-11D0-8D11-00A0C91BC942}") = "2193", "2193\2193.vcxproj", "{5BC3FC21-EF1E-4382-918F-DF83118BCEFD}"
EndProject
Project("{8BC9CEB8-8B4A-11D0-8D11-00A0C91BC942}") = "2741", "2741\2741.vcxproj", "{75F66428-9DB8-400D-98F0-7514B9D73B9A}"
EndProject
Project("{8BC9CEB8-8B4A-11D0-8D11-00A0C91BC942}") = "1152", "1152\1152.vcxproj", "{8BA2DC62-C283-4707-9F44-0173C983E7BA}"
EndProject
Project("{8BC9CEB8-8B4A-11D0-8D11-00A0C91BC942}") = "2156", "2156\2156.vcxproj", "{FE948539-CCA0-45C6-9C24-2F62935AEBB5}"
EndProject
Project("{8BC9CEB8-8B4A-11D0-8D11-00A0C91BC942}") = "8958", "8958\8958.vcxproj", "{8730DAF6-F825-4838-BF9F-D46C8E01B059}"
EndProject
Project("{8BC9CEB8-8B4A-11D0-8D11-00A0C91BC942}") = "2217", "2217\2217.vcxproj", "{74ABA888-EC7C-45DA-B16F-D80C8128E51E}"
EndProject
Project("{8BC9CEB8-8B4A-11D0-8D11-00A0C91BC942}") = "2133", "2133\2133.vcxproj", "{E2430ECE-16E2-4826-96BF-C247AC18C9C5}"
EndProject
Project("{8BC9CEB8-8B4A-11D0-8D11-00A0C91BC942}") = "9507", "9507\9507.vcxproj", "{5F89FB43-959C-4C34-8963-19B2C0DBF6C2}"
EndProject
Project("{8BC9CEB8-8B4A-11D0-8D11-00A0C91BC942}") = "10164", "10164\10164.vcxproj", "{D86F8C74-20C1-447B-9DFA-3FAFCE741C1E}"
EndProject
Project("{8BC9CEB8-8B4A-11D0-8D11-00A0C91BC942}") = "11052", "11052\11052.vcxproj", "{04C2B814-F6E8-4304-82DF-7D404FE325DE}"
EndProject
Project("{8BC9CEB8-8B4A-11D0-8D11-00A0C91BC942}") = "11050", "11050\11050.vcxproj", "{0AC93C3E-0951-4094-BB53-FCB50FF71588}"
EndProject
Project("{8BC9CEB8-8B4A-11D0-8D11-00A0C91BC942}") = "9663", "9663\9663.vcxproj", "{984EE093-2A3B-4A29-90F7-2C1570DC552D}"
EndProject
Project("{8BC9CEB8-8B4A-11D0-8D11-00A0C91BC942}") = "13334", "13334\13334.vcxproj", "{A00500D4-2F20-4629-A30B-4E67ECDF8DBA}"
EndProject
Project("{8BC9CEB8-8B4A-11D0-8D11-00A0C91BC942}") = "1927", "1927\1927.vcxproj", "{681C3FA9-0791-4C6D-933E-660B6260CBCE}"
EndProject
Project("{8BC9CEB8-8B4A-11D0-8D11-00A0C91BC942}") = "11279", "11279\11279.vcxproj", "{D7B9DCDF-1EE6-4F3C-B8B9-97BF564F5F19}"
EndProject
Project("{8BC9CEB8-8B4A-11D0-8D11-00A0C91BC942}") = "1715", "1715\1715.vcxproj", "{C1DA8DB6-E442-4FB2-9BB9-73A61F03F62C}"
EndProject
Project("{8BC9CEB8-8B4A-11D0-8D11-00A0C91BC942}") = "2294", "2294\2294.vcxproj", "{D570E8BA-85E1-473E-ADF6-445C1D7FAFA7}"
EndProject
Project("{8BC9CEB8-8B4A-11D0-8D11-00A0C91BC942}") = "10171", "10171\10171.vcxproj", "{31ABC2E3-BD4E-45C4-B425-03F068942852}"
EndProject
Project("{8BC9CEB8-8B4A-11D0-8D11-00A0C91BC942}") = "2747", "2747\2747.vcxproj", "{82564975-CFE4-491A-B7AE-707209E2B5FE}"
EndProject
Project("{8BC9CEB8-8B4A-11D0-8D11-00A0C91BC942}") = "2579", "2579\2579.vcxproj", "{320FDEA6-A7EF-476B-8008-8321FE7AFB02}"
EndProject
Project("{8BC9CEB8-8B4A-11D0-8D11-00A0C91BC942}") = "1932", "1932\1932.vcxproj", "{F9F1C8A8-D801-4A0C-8675-B76EACF7CE09}"
EndProject
Project("{8BC9CEB8-8B4A-11D0-8D11-00A0C91BC942}") = "11726", "11726\11726.vcxproj", "{DB69D059-7D0B-47DD-9BBD-6F4CBCEC39B5}"
EndProject
Project("{8BC9CEB8-8B4A-11D0-8D11-00A0C91BC942}") = "9461", "9461\9461.vcxproj", "{5E1C355D-3648-4625-BD17-1EC516C9E70F}"
EndProject
Project("{8BC9CEB8-8B4A-11D0-8D11-00A0C91BC942}") = "9465", "9465\9465.vcxproj", "{BC0F2A03-5EB9-4864-99A5-02F74DE7D3B1}"
EndProject
Project("{8BC9CEB8-8B4A-11D0-8D11-00A0C91BC942}") = "1992", "1992\1992.vcxproj", "{C7AEA855-A05E-4F0D-99C8-A83ACF0561BE}"
EndProject
Project("{8BC9CEB8-8B4A-11D0-8D11-00A0C91BC942}") = "13325", "13325\13325.vcxproj", "{E8B197F9-4159-408A-BBF2-50DA04E06285}"
EndProject
Project("{8BC9CEB8-8B4A-11D0-8D11-00A0C91BC942}") = "2167", "2167\2167.vcxproj", "{0CA858F2-B1D3-4BBE-BED4-EE375A3CE691}"
EndProject
Project("{8BC9CEB8-8B4A-11D0-8D11-00A0C91BC942}") = "1753", "1753\1753.vcxproj", "{F619891C-B80B-48BC-BDA9-8920FE54D4EC}"
EndProject
Project("{8BC9CEB8-8B4A-11D0-8D11-00A0C91BC942}") = "10989", "10989\10989.vcxproj", "{192479B8-345F-462E-BF2F-1CEF2FDB6D22}"
EndProject
Project("{8BC9CEB8-8B4A-11D0-8D11-00A0C91BC942}") = "2751", "2751\2751.vcxproj", "{09C6A2E5-2ABB-493F-99E1-778016C9DEA6}"
EndProject
Project("{8BC9CEB8-8B4A-11D0-8D11-00A0C91BC942}") = "1912", "1912\1912.vcxproj", "{96127249-AD0A-4931-96C7-0933147E6796}"
EndProject
Project("{8BC9CEB8-8B4A-11D0-8D11-00A0C91BC942}") = "10844", "10844\10844.vcxproj", "{7822F281-76EE-4D8B-BF47-C47926E58B24}"
EndProject
Project("{8BC9CEB8-8B4A-11D0-8D11-00A0C91BC942}") = "10815", "10815\10815.vcxproj", "{8E412B26-E3AD-4AA1-9B5A-BF9AD1566464}"
EndProject
Project("{8BC9CEB8-8B4A-11D0-8D11-00A0C91BC942}") = "10845", "10845\10845.vcxproj", "{13DBA799-C715-4D6F-A978-38C5CC1B40D1}"
EndProject
Project("{8BC9CEB8-8B4A-11D0-8D11-00A0C91BC942}") = "2864", "2864\2864.vcxproj", "{50CDAFAD-8571-4BD1-BA15-B4949C647B09}"
EndProject
Project("{8BC9CEB8-8B4A-11D0-8D11-00A0C91BC942}") = "2908", "2908\2908.vcxproj", "{110F6C39-3E5B-4EA9-938F-5FABE16333B7}"
EndProject
Project("{8BC9CEB8-8B4A-11D0-8D11-00A0C91BC942}") = "10809", "10809\10809.vcxproj", "{5CD88503-DBF1-4EB1-88F0-2DA56EA8AC32}"
EndProject
Project("{8BC9CEB8-8B4A-11D0-8D11-00A0C91BC942}") = "1110", "1110\1110.vcxproj", "{E6E1B873-84CB-4167-8125-107563522797}"
EndProject
Project("{8BC9CEB8-8B4A-11D0-8D11-00A0C91BC942}") = "1978", "1978\1978.vcxproj", "{055250B9-6781-4D5A-8839-5453EA944AC7}"
EndProject
Project("{8BC9CEB8-8B4A-11D0-8D11-00A0C91BC942}") = "11048", "11048\11048.vcxproj", "{B4CA2288-0626-43B9-8E7D-4B35D5A6A111}"
EndProject
Project("{8BC9CEB8-8B4A-11D0-8D11-00A0C91BC942}") = "3046", "3046\3046.vcxproj", "{FB3F2571-8A5B-4CF6-9071-D030AC50160D}"
EndProject
Project("{8BC9CEB8-8B4A-11D0-8D11-00A0C91BC942}") = "2010", "2010\2010.vcxproj", "{33ACBAE2-0A19-4F7F-A468-DA887A5B3EBB}"
EndProject
Project("{8BC9CEB8-8B4A-11D0-8D11-00A0C91BC942}") = "11656", "11656\11656.vcxproj", "{5C796D33-4B68-4DA3-9E83-B1AF39FDD983}"
EndProject
Project("{8BC9CEB8-8B4A-11D0-8D11-00A0C91BC942}") = "10987", "10987\10987.vcxproj", "{5E1E02DC-5A35-49F9-A668-EBB44ADE91C7}"
EndProject
Project("{8BC9CEB8-8B4A-11D0-8D11-00A0C91BC942}") = "13420", "13420\13420.vcxproj", "{1E224B52-5A8C-44CC-B24B-856F5324D7C7}"
EndProject
Project("{8BC9CEB8-8B4A-11D0-8D11-00A0C91BC942}") = "13419", "13419\13419.vcxproj", "{EB332672-BC74-45A8-B743-BE10725A53E0}"
EndProject
Project("{8BC9CEB8-8B4A-11D0-8D11-00A0C91BC942}") = "13417", "13417\13417.vcxproj", "{82218B6E-1D6B-4323-AC46-8C2021685C2E}"
EndProject
Project("{8BC9CEB8-8B4A-11D0-8D11-00A0C91BC942}") = "13423", "13423\13423.vcxproj", "{DC00F7E0-D73E-494C-BEB3-E48466877975}"
EndProject
Project("{8BC9CEB8-8B4A-11D0-8D11-00A0C91BC942}") = "13413", "13413\13413.vcxproj", "{7BC19C36-E137-4997-B1C1-9E37408F6B88}"
EndProject
Project("{8BC9CEB8-8B4A-11D0-8D11-00A0C91BC942}") = "13416", "13416\13416.vcxproj", "{B509D05C-352F-4828-933A-11E100FAE036}"
EndProject
Project("{8BC9CEB8-8B4A-11D0-8D11-00A0C91BC942}") = "13424", "13424\13424.vcxproj", "{A9CF368E-E315-4786-80E7-451DA8133FDA}"
EndProject
Project("{8BC9CEB8-8B4A-11D0-8D11-00A0C91BC942}") = "13422", "13422\13422.vcxproj", "{B03E8B22-D3A6-4545-98C0-5503FFF7553E}"
EndProject
Project("{8BC9CEB8-8B4A-11D0-8D11-00A0C91BC942}") = "13415", "13415\13415.vcxproj", "{D3C34B3F-A01D-4F2C-BFA2-F2960C015A6D}"
EndProject
Project("{8BC9CEB8-8B4A-11D0-8D11-00A0C91BC942}") = "13414", "13414\13414.vcxproj", "{DB2E1C88-8F59-45F8-937C-0F01AE98D0DA}"
EndProject
Project("{8BC9CEB8-8B4A-11D0-8D11-00A0C91BC942}") = "13418", "13418\13418.vcxproj", "{5F708D69-B399-436B-B54F-2AB069FA67DC}"
EndProject
Project("{8BC9CEB8-8B4A-11D0-8D11-00A0C91BC942}") = "10172", "10172\10172.vcxproj", "{E79E2E24-7702-407B-81EF-0900C84D8270}"
EndProject
Project("{8BC9CEB8-8B4A-11D0-8D11-00A0C91BC942}") = "11047", "11047\11047.vcxproj", "{DD3DC29F-1A3E-4E18-850A-2C52199F63CB}"
EndProject
Project("{8BC9CEB8-8B4A-11D0-8D11-00A0C91BC942}") = "5582", "5582\5582.vcxproj", "{02558B47-7ADA-469A-949A-5EA86E1CD375}"
EndProject
Project("{8BC9CEB8-8B4A-11D0-8D11-00A0C91BC942}") = "9251", "9251\9251.vcxproj", "{088A4A92-72D8-463B-AA6C-637547DDA83F}"
EndProject
Project("{8BC9CEB8-8B4A-11D0-8D11-00A0C91BC942}") = "1922", "1922\1922.vcxproj", "{834448E0-05F2-4409-8CC3-85F738F3576E}"
EndProject
Project("{8BC9CEB8-8B4A-11D0-8D11-00A0C91BC942}") = "11399", "11399\11399.vcxproj", "{6AD5B901-E97D-4992-82CC-15A86C15469D}"
EndProject
Project("{8BC9CEB8-8B4A-11D0-8D11-00A0C91BC942}") = "9252", "9252\9252.vcxproj", "{80B4B831-3996-4207-994D-9816A05349AF}"
EndProject
Project("{8BC9CEB8-8B4A-11D0-8D11-00A0C91BC942}") = "2163", "2163\2163.vcxproj", "{F93ADFA3-9EF4-40BF-8E97-05695C866D50}"
EndProject
Project("{8BC9CEB8-8B4A-11D0-8D11-00A0C91BC942}") = "2178", "2178\2178.vcxproj", "{A4187571-7F7F-4C03-B65D-E4F9358B78A7}"
EndProject
Project("{8BC9CEB8-8B4A-11D0-8D11-00A0C91BC942}") = "10988", "10988\10988.vcxproj", "{B201DDCE-FDEA-469A-A8D1-9EDA8E131B23}"
EndProject
Project("{8BC9CEB8-8B4A-11D0-8D11-00A0C91BC942}") = "1357", "1357\1357.vcxproj", "{BE338FF7-3CF1-4C7A-B783-0AC38719585C}"
EndProject
Project("{8BC9CEB8-8B4A-11D0-8D11-00A0C91BC942}") = "1100", "1100\1100.vcxproj", "{EBD782FC-614E-4B6E-BC38-90FAF06EA1F3}"
EndProject
Project("{8BC9CEB8-8B4A-11D0-8D11-00A0C91BC942}") = "1991", "1991\1991.vcxproj", "{4FC7065A-6335-4D35-9FFC-E7222CF4CCBE}"
EndProject
Project("{8BC9CEB8-8B4A-11D0-8D11-00A0C91BC942}") = "2743", "2743\2743.vcxproj", "{EDC2A1AB-1925-497A-B643-2AC891A614E8}"
EndProject
Project("{8BC9CEB8-8B4A-11D0-8D11-00A0C91BC942}") = "10816", "10816\10816.vcxproj", "{6E44B7F1-5045-493F-BF2D-E90EBA4F8E53}"
EndProject
Project("{8BC9CEB8-8B4A-11D0-8D11-00A0C91BC942}") = "2869", "2869\2869.vcxproj", "{959DA9B4-A672-4AD0-923B-8DBF4C6D5068}"
EndProject
Project("{8BC9CEB8-8B4A-11D0-8D11-00A0C91BC942}") = "1010", "1010\1010.vcxproj", "{9AF4802B-879D-4AB5-9C5F-840D83874D15}"
EndProject
Project("{8BC9CEB8-8B4A-11D0-8D11-00A0C91BC942}") = "4963", "4963\4963.vcxproj", "{F988986F-B44A-4745-A436-82D8179FFDEA}"
EndProject
Project("{8BC9CEB8-8B4A-11D0-8D11-00A0C91BC942}") = "1085", "1085\1085.vcxproj", "{80C14196-17C4-4874-88C1-D57E679362E1}"
EndProject
Project("{8BC9CEB8-8B4A-11D0-8D11-00A0C91BC942}") = "1037", "1037\1037.vcxproj", "{869D01C5-8A6A-42B6-AE75-C200C94792BB}"
EndProject
Project("{8BC9CEB8-8B4A-11D0-8D11-00A0C91BC942}") = "4344", "4344\4344.vcxproj", "{61181816-8A1E-4301-A08C-C187F2E9043B}"
EndProject
Project("{8BC9CEB8-8B4A-11D0-8D11-00A0C91BC942}") = "9498", "9498\9498.vcxproj", "{698956D0-FBB0-43C0-B450-260F17D92A76}"
EndProject
Project("{8BC9CEB8-8B4A-11D0-8D11-00A0C91BC942}") = "10871", "10871\10871.vcxproj", "{58E6F7D0-FB02-453B-84EA-16CB8DF646CC}"
EndProject
Project("{8BC9CEB8-8B4A-11D0-8D11-00A0C91BC942}") = "11053", "11053\11053.vcxproj", "{FB7C8BD5-55A8-4340-B7CF-56B408CFBA59}"
EndProject
Project("{8BC9CEB8-8B4A-11D0-8D11-00A0C91BC942}") = "1520", "1520\1520.vcxproj", "{FFAC6B24-7C6D-41EE-A984-DFD824B46F08}"
EndProject
Project("{8BC9CEB8-8B4A-11D0-8D11-00A0C91BC942}") = "1924", "1924\1924.vcxproj", "{5B62D756-42FE-44FD-AF64-5E00DF50F543}"
EndProject
Project("{8BC9CEB8-8B4A-11D0-8D11-00A0C91BC942}") = "2558", "2558\2558.vcxproj", "{CE9A670E-8C1B-4F2E-8EA8-8FFD86F151EE}"
EndProject
Project("{8BC9CEB8-8B4A-11D0-8D11-00A0C91BC942}") = "11057", "11057\11057.vcxproj", "{FB3E1E8D-51F1-4A67-B03A-65726AE012B5}"
EndProject
Project("{8BC9CEB8-8B4A-11D0-8D11-00A0C91BC942}") = "2839", "2839\2839.vcxproj", "{2FEAC5FD-E7B2-469A-8109-AA465A468280}"
EndProject
Project("{8BC9CEB8-8B4A-11D0-8D11-00A0C91BC942}") = "2914", "2914\2914.vcxproj", "{AD6DCDC0-0EE2-4ABA-8126-5169DE0D6464}"
EndProject
Project("{8BC9CEB8-8B4A-11D0-8D11-00A0C91BC942}") = "2577", "2577\2577.vcxproj", "{7BB76F62-0CBF-4BCA-9B9D-AC36E9B74099}"
EndProject
Project("{8BC9CEB8-8B4A-11D0-8D11-00A0C91BC942}") = "10039", "10039\10039.vcxproj", "{EFC83FD8-000B-45F8-BDDF-65E02FCCDD37}"
EndProject
Project("{8BC9CEB8-8B4A-11D0-8D11-00A0C91BC942}") = "1931", "1931\1931.vcxproj", "{A6DEA158-8A97-4DE7-A923-A2B43AAF9613}"
EndProject
Project("{8BC9CEB8-8B4A-11D0-8D11-00A0C91BC942}") = "2490", "2490\2490.vcxproj", "{E3C228D8-4DBA-4B78-AF1F-9021423857FE}"
EndProject
Project("{8BC9CEB8-8B4A-11D0-8D11-00A0C91BC942}") = "1026", "1026\1026.vcxproj", "{E32C55C2-749E-4DFE-9344-C613238DFB71}"
EndProject
Project("{8BC9CEB8-8B4A-11D0-8D11-00A0C91BC942}") = "1427", "1427\1427.vcxproj", "{8B3702D5-1CE7-493B-853A-CD24FA4C262A}"
EndProject
Project("{8BC9CEB8-8B4A-11D0-8D11-00A0C91BC942}") = "2110", "2110\2110.vcxproj", "{EE914304-E961-402F-B397-5A1537CD5ABD}"
EndProject
Project("{8BC9CEB8-8B4A-11D0-8D11-00A0C91BC942}") = "10610", "10610\10610.vcxproj", "{77257A23-E431-4E1A-B3FA-1E255B0C4EC8}"
EndProject
Global
	GlobalSection(SolutionConfigurationPlatforms) = preSolution
		Debug|Win32 = Debug|Win32
		Debug|x64 = Debug|x64
		Release|Win32 = Release|Win32
		Release|x64 = Release|x64
	EndGlobalSection
	GlobalSection(ProjectConfigurationPlatforms) = postSolution
		{DCAE49F5-6601-4657-9EC5-7BAD523B9CE9}.Debug|Win32.ActiveCfg = Debug|Win32
		{DCAE49F5-6601-4657-9EC5-7BAD523B9CE9}.Debug|Win32.Build.0 = Debug|Win32
		{DCAE49F5-6601-4657-9EC5-7BAD523B9CE9}.Debug|x64.ActiveCfg = Debug|Win32
		{DCAE49F5-6601-4657-9EC5-7BAD523B9CE9}.Release|Win32.ActiveCfg = Release|Win32
		{DCAE49F5-6601-4657-9EC5-7BAD523B9CE9}.Release|Win32.Build.0 = Release|Win32
		{DCAE49F5-6601-4657-9EC5-7BAD523B9CE9}.Release|x64.ActiveCfg = Release|Win32
		{03780ED5-1946-4771-A157-46BD89992D54}.Debug|Win32.ActiveCfg = Debug|Win32
		{03780ED5-1946-4771-A157-46BD89992D54}.Debug|Win32.Build.0 = Debug|Win32
		{03780ED5-1946-4771-A157-46BD89992D54}.Debug|x64.ActiveCfg = Debug|Win32
		{03780ED5-1946-4771-A157-46BD89992D54}.Release|Win32.ActiveCfg = Release|Win32
		{03780ED5-1946-4771-A157-46BD89992D54}.Release|Win32.Build.0 = Release|Win32
		{03780ED5-1946-4771-A157-46BD89992D54}.Release|x64.ActiveCfg = Release|Win32
		{097C167F-6D27-4015-B053-99CF11CB3C68}.Debug|Win32.ActiveCfg = Debug|Win32
		{097C167F-6D27-4015-B053-99CF11CB3C68}.Debug|Win32.Build.0 = Debug|Win32
		{097C167F-6D27-4015-B053-99CF11CB3C68}.Debug|x64.ActiveCfg = Debug|Win32
		{097C167F-6D27-4015-B053-99CF11CB3C68}.Release|Win32.ActiveCfg = Release|Win32
		{097C167F-6D27-4015-B053-99CF11CB3C68}.Release|Win32.Build.0 = Release|Win32
		{097C167F-6D27-4015-B053-99CF11CB3C68}.Release|x64.ActiveCfg = Release|Win32
		{35C912B7-0C48-4198-93CF-A3FBEE1DDFA4}.Debug|Win32.ActiveCfg = Debug|Win32
		{35C912B7-0C48-4198-93CF-A3FBEE1DDFA4}.Debug|Win32.Build.0 = Debug|Win32
		{35C912B7-0C48-4198-93CF-A3FBEE1DDFA4}.Debug|x64.ActiveCfg = Debug|Win32
		{35C912B7-0C48-4198-93CF-A3FBEE1DDFA4}.Release|Win32.ActiveCfg = Release|Win32
		{35C912B7-0C48-4198-93CF-A3FBEE1DDFA4}.Release|Win32.Build.0 = Release|Win32
		{35C912B7-0C48-4198-93CF-A3FBEE1DDFA4}.Release|x64.ActiveCfg = Release|Win32
		{676699AB-ED11-4E77-9DC3-CDE1143F5D87}.Debug|Win32.ActiveCfg = Debug|Win32
		{676699AB-ED11-4E77-9DC3-CDE1143F5D87}.Debug|Win32.Build.0 = Debug|Win32
		{676699AB-ED11-4E77-9DC3-CDE1143F5D87}.Debug|x64.ActiveCfg = Debug|Win32
		{676699AB-ED11-4E77-9DC3-CDE1143F5D87}.Release|Win32.ActiveCfg = Release|Win32
		{676699AB-ED11-4E77-9DC3-CDE1143F5D87}.Release|Win32.Build.0 = Release|Win32
		{676699AB-ED11-4E77-9DC3-CDE1143F5D87}.Release|x64.ActiveCfg = Release|Win32
		{BF547354-A541-4FF7-AE77-F094DD94545A}.Debug|Win32.ActiveCfg = Debug|Win32
		{BF547354-A541-4FF7-AE77-F094DD94545A}.Debug|Win32.Build.0 = Debug|Win32
		{BF547354-A541-4FF7-AE77-F094DD94545A}.Debug|x64.ActiveCfg = Debug|Win32
		{BF547354-A541-4FF7-AE77-F094DD94545A}.Release|Win32.ActiveCfg = Release|Win32
		{BF547354-A541-4FF7-AE77-F094DD94545A}.Release|Win32.Build.0 = Release|Win32
		{BF547354-A541-4FF7-AE77-F094DD94545A}.Release|x64.ActiveCfg = Release|Win32
		{665233EE-B6AF-4A73-BA6E-1C886B59DB1C}.Debug|Win32.ActiveCfg = Debug|Win32
		{665233EE-B6AF-4A73-BA6E-1C886B59DB1C}.Debug|Win32.Build.0 = Debug|Win32
		{665233EE-B6AF-4A73-BA6E-1C886B59DB1C}.Debug|x64.ActiveCfg = Debug|Win32
		{665233EE-B6AF-4A73-BA6E-1C886B59DB1C}.Release|Win32.ActiveCfg = Release|Win32
		{665233EE-B6AF-4A73-BA6E-1C886B59DB1C}.Release|Win32.Build.0 = Release|Win32
		{665233EE-B6AF-4A73-BA6E-1C886B59DB1C}.Release|x64.ActiveCfg = Release|Win32
		{FFE0A00A-D15B-440B-9F6D-6F220EDFB663}.Debug|Win32.ActiveCfg = Debug|Win32
		{FFE0A00A-D15B-440B-9F6D-6F220EDFB663}.Debug|Win32.Build.0 = Debug|Win32
		{FFE0A00A-D15B-440B-9F6D-6F220EDFB663}.Debug|x64.ActiveCfg = Debug|Win32
		{FFE0A00A-D15B-440B-9F6D-6F220EDFB663}.Release|Win32.ActiveCfg = Release|Win32
		{FFE0A00A-D15B-440B-9F6D-6F220EDFB663}.Release|Win32.Build.0 = Release|Win32
		{FFE0A00A-D15B-440B-9F6D-6F220EDFB663}.Release|x64.ActiveCfg = Release|Win32
		{186396B3-DF77-4DE4-BB05-26517BFC0114}.Debug|Win32.ActiveCfg = Debug|Win32
		{186396B3-DF77-4DE4-BB05-26517BFC0114}.Debug|Win32.Build.0 = Debug|Win32
		{186396B3-DF77-4DE4-BB05-26517BFC0114}.Debug|x64.ActiveCfg = Debug|Win32
		{186396B3-DF77-4DE4-BB05-26517BFC0114}.Release|Win32.ActiveCfg = Release|Win32
		{186396B3-DF77-4DE4-BB05-26517BFC0114}.Release|Win32.Build.0 = Release|Win32
		{186396B3-DF77-4DE4-BB05-26517BFC0114}.Release|x64.ActiveCfg = Release|Win32
		{DB3EDB96-8C49-4599-8606-ADDA4E211EC7}.Debug|Win32.ActiveCfg = Debug|Win32
		{DB3EDB96-8C49-4599-8606-ADDA4E211EC7}.Debug|Win32.Build.0 = Debug|Win32
		{DB3EDB96-8C49-4599-8606-ADDA4E211EC7}.Debug|x64.ActiveCfg = Debug|Win32
		{DB3EDB96-8C49-4599-8606-ADDA4E211EC7}.Release|Win32.ActiveCfg = Release|Win32
		{DB3EDB96-8C49-4599-8606-ADDA4E211EC7}.Release|Win32.Build.0 = Release|Win32
		{DB3EDB96-8C49-4599-8606-ADDA4E211EC7}.Release|x64.ActiveCfg = Release|Win32
		{FDF54C85-969B-4817-9521-81E90D0C433E}.Debug|Win32.ActiveCfg = Debug|Win32
		{FDF54C85-969B-4817-9521-81E90D0C433E}.Debug|Win32.Build.0 = Debug|Win32
		{FDF54C85-969B-4817-9521-81E90D0C433E}.Debug|x64.ActiveCfg = Debug|Win32
		{FDF54C85-969B-4817-9521-81E90D0C433E}.Release|Win32.ActiveCfg = Release|Win32
		{FDF54C85-969B-4817-9521-81E90D0C433E}.Release|Win32.Build.0 = Release|Win32
		{FDF54C85-969B-4817-9521-81E90D0C433E}.Release|x64.ActiveCfg = Release|Win32
		{43D302D5-A591-4B17-8015-488107D4B69B}.Debug|Win32.ActiveCfg = Debug|Win32
		{43D302D5-A591-4B17-8015-488107D4B69B}.Debug|Win32.Build.0 = Debug|Win32
		{43D302D5-A591-4B17-8015-488107D4B69B}.Debug|x64.ActiveCfg = Debug|Win32
		{43D302D5-A591-4B17-8015-488107D4B69B}.Release|Win32.ActiveCfg = Release|Win32
		{43D302D5-A591-4B17-8015-488107D4B69B}.Release|Win32.Build.0 = Release|Win32
		{43D302D5-A591-4B17-8015-488107D4B69B}.Release|x64.ActiveCfg = Release|Win32
		{0A74307E-5BB7-4093-B655-B6CF0F99DE31}.Debug|Win32.ActiveCfg = Debug|Win32
		{0A74307E-5BB7-4093-B655-B6CF0F99DE31}.Debug|Win32.Build.0 = Debug|Win32
		{0A74307E-5BB7-4093-B655-B6CF0F99DE31}.Debug|x64.ActiveCfg = Debug|Win32
		{0A74307E-5BB7-4093-B655-B6CF0F99DE31}.Release|Win32.ActiveCfg = Release|Win32
		{0A74307E-5BB7-4093-B655-B6CF0F99DE31}.Release|Win32.Build.0 = Release|Win32
		{0A74307E-5BB7-4093-B655-B6CF0F99DE31}.Release|x64.ActiveCfg = Release|Win32
		{F8EBF8B6-532A-4897-9CBA-AEACD545FFA6}.Debug|Win32.ActiveCfg = Debug|Win32
		{F8EBF8B6-532A-4897-9CBA-AEACD545FFA6}.Debug|Win32.Build.0 = Debug|Win32
		{F8EBF8B6-532A-4897-9CBA-AEACD545FFA6}.Debug|x64.ActiveCfg = Debug|Win32
		{F8EBF8B6-532A-4897-9CBA-AEACD545FFA6}.Release|Win32.ActiveCfg = Release|Win32
		{F8EBF8B6-532A-4897-9CBA-AEACD545FFA6}.Release|Win32.Build.0 = Release|Win32
		{F8EBF8B6-532A-4897-9CBA-AEACD545FFA6}.Release|x64.ActiveCfg = Release|Win32
		{B93D6B8F-014D-4D43-AEE5-F52A52004C69}.Debug|Win32.ActiveCfg = Debug|Win32
		{B93D6B8F-014D-4D43-AEE5-F52A52004C69}.Debug|Win32.Build.0 = Debug|Win32
		{B93D6B8F-014D-4D43-AEE5-F52A52004C69}.Debug|x64.ActiveCfg = Debug|Win32
		{B93D6B8F-014D-4D43-AEE5-F52A52004C69}.Release|Win32.ActiveCfg = Release|Win32
		{B93D6B8F-014D-4D43-AEE5-F52A52004C69}.Release|Win32.Build.0 = Release|Win32
		{B93D6B8F-014D-4D43-AEE5-F52A52004C69}.Release|x64.ActiveCfg = Release|Win32
		{E3408710-8142-4EF6-BD69-65963375BFAD}.Debug|Win32.ActiveCfg = Debug|Win32
		{E3408710-8142-4EF6-BD69-65963375BFAD}.Debug|Win32.Build.0 = Debug|Win32
		{E3408710-8142-4EF6-BD69-65963375BFAD}.Debug|x64.ActiveCfg = Debug|Win32
		{E3408710-8142-4EF6-BD69-65963375BFAD}.Release|Win32.ActiveCfg = Release|Win32
		{E3408710-8142-4EF6-BD69-65963375BFAD}.Release|Win32.Build.0 = Release|Win32
		{E3408710-8142-4EF6-BD69-65963375BFAD}.Release|x64.ActiveCfg = Release|Win32
		{5896F140-681B-40E4-AC38-C73B69820E7B}.Debug|Win32.ActiveCfg = Debug|Win32
		{5896F140-681B-40E4-AC38-C73B69820E7B}.Debug|Win32.Build.0 = Debug|Win32
		{5896F140-681B-40E4-AC38-C73B69820E7B}.Debug|x64.ActiveCfg = Debug|Win32
		{5896F140-681B-40E4-AC38-C73B69820E7B}.Release|Win32.ActiveCfg = Release|Win32
		{5896F140-681B-40E4-AC38-C73B69820E7B}.Release|Win32.Build.0 = Release|Win32
		{5896F140-681B-40E4-AC38-C73B69820E7B}.Release|x64.ActiveCfg = Release|Win32
		{84473705-2311-447A-80C0-F8E25DBF7832}.Debug|Win32.ActiveCfg = Debug|Win32
		{84473705-2311-447A-80C0-F8E25DBF7832}.Debug|Win32.Build.0 = Debug|Win32
		{84473705-2311-447A-80C0-F8E25DBF7832}.Debug|x64.ActiveCfg = Debug|Win32
		{84473705-2311-447A-80C0-F8E25DBF7832}.Release|Win32.ActiveCfg = Release|Win32
		{84473705-2311-447A-80C0-F8E25DBF7832}.Release|Win32.Build.0 = Release|Win32
		{84473705-2311-447A-80C0-F8E25DBF7832}.Release|x64.ActiveCfg = Release|Win32
		{32B5F258-E0E5-4463-BA53-5C195F4D96A2}.Debug|Win32.ActiveCfg = Debug|Win32
		{32B5F258-E0E5-4463-BA53-5C195F4D96A2}.Debug|Win32.Build.0 = Debug|Win32
		{32B5F258-E0E5-4463-BA53-5C195F4D96A2}.Debug|x64.ActiveCfg = Debug|Win32
		{32B5F258-E0E5-4463-BA53-5C195F4D96A2}.Release|Win32.ActiveCfg = Release|Win32
		{32B5F258-E0E5-4463-BA53-5C195F4D96A2}.Release|Win32.Build.0 = Release|Win32
		{32B5F258-E0E5-4463-BA53-5C195F4D96A2}.Release|x64.ActiveCfg = Release|Win32
		{EF74E45A-4F05-4847-8402-7392F0E52D11}.Debug|Win32.ActiveCfg = Debug|Win32
		{EF74E45A-4F05-4847-8402-7392F0E52D11}.Debug|Win32.Build.0 = Debug|Win32
		{EF74E45A-4F05-4847-8402-7392F0E52D11}.Debug|x64.ActiveCfg = Debug|Win32
		{EF74E45A-4F05-4847-8402-7392F0E52D11}.Release|Win32.ActiveCfg = Release|Win32
		{EF74E45A-4F05-4847-8402-7392F0E52D11}.Release|Win32.Build.0 = Release|Win32
		{EF74E45A-4F05-4847-8402-7392F0E52D11}.Release|x64.ActiveCfg = Release|Win32
		{230C76A3-FDD7-467F-9FF2-0CC1785BA789}.Debug|Win32.ActiveCfg = Debug|Win32
		{230C76A3-FDD7-467F-9FF2-0CC1785BA789}.Debug|Win32.Build.0 = Debug|Win32
		{230C76A3-FDD7-467F-9FF2-0CC1785BA789}.Debug|x64.ActiveCfg = Debug|Win32
		{230C76A3-FDD7-467F-9FF2-0CC1785BA789}.Release|Win32.ActiveCfg = Release|Win32
		{230C76A3-FDD7-467F-9FF2-0CC1785BA789}.Release|Win32.Build.0 = Release|Win32
		{230C76A3-FDD7-467F-9FF2-0CC1785BA789}.Release|x64.ActiveCfg = Release|Win32
		{C635CE61-8779-4BA1-A1BA-B8ACA1352FEF}.Debug|Win32.ActiveCfg = Debug|Win32
		{C635CE61-8779-4BA1-A1BA-B8ACA1352FEF}.Debug|Win32.Build.0 = Debug|Win32
		{C635CE61-8779-4BA1-A1BA-B8ACA1352FEF}.Debug|x64.ActiveCfg = Debug|Win32
		{C635CE61-8779-4BA1-A1BA-B8ACA1352FEF}.Release|Win32.ActiveCfg = Release|Win32
		{C635CE61-8779-4BA1-A1BA-B8ACA1352FEF}.Release|Win32.Build.0 = Release|Win32
		{C635CE61-8779-4BA1-A1BA-B8ACA1352FEF}.Release|x64.ActiveCfg = Release|Win32
		{9BA0143E-2629-4A01-9FDF-DC430B021CF4}.Debug|Win32.ActiveCfg = Debug|Win32
		{9BA0143E-2629-4A01-9FDF-DC430B021CF4}.Debug|Win32.Build.0 = Debug|Win32
		{9BA0143E-2629-4A01-9FDF-DC430B021CF4}.Debug|x64.ActiveCfg = Debug|Win32
		{9BA0143E-2629-4A01-9FDF-DC430B021CF4}.Release|Win32.ActiveCfg = Release|Win32
		{9BA0143E-2629-4A01-9FDF-DC430B021CF4}.Release|Win32.Build.0 = Release|Win32
		{9BA0143E-2629-4A01-9FDF-DC430B021CF4}.Release|x64.ActiveCfg = Release|Win32
		{B859F8F6-703A-48D6-B359-755C4D23F3A8}.Debug|Win32.ActiveCfg = Debug|Win32
		{B859F8F6-703A-48D6-B359-755C4D23F3A8}.Debug|Win32.Build.0 = Debug|Win32
		{B859F8F6-703A-48D6-B359-755C4D23F3A8}.Debug|x64.ActiveCfg = Debug|Win32
		{B859F8F6-703A-48D6-B359-755C4D23F3A8}.Release|Win32.ActiveCfg = Release|Win32
		{B859F8F6-703A-48D6-B359-755C4D23F3A8}.Release|Win32.Build.0 = Release|Win32
		{B859F8F6-703A-48D6-B359-755C4D23F3A8}.Release|x64.ActiveCfg = Release|Win32
		{77706F2A-F142-4D64-A700-9458AE6BECB1}.Debug|Win32.ActiveCfg = Debug|Win32
		{77706F2A-F142-4D64-A700-9458AE6BECB1}.Debug|Win32.Build.0 = Debug|Win32
		{77706F2A-F142-4D64-A700-9458AE6BECB1}.Debug|x64.ActiveCfg = Debug|Win32
		{77706F2A-F142-4D64-A700-9458AE6BECB1}.Release|Win32.ActiveCfg = Release|Win32
		{77706F2A-F142-4D64-A700-9458AE6BECB1}.Release|Win32.Build.0 = Release|Win32
		{77706F2A-F142-4D64-A700-9458AE6BECB1}.Release|x64.ActiveCfg = Release|Win32
		{5EC4F55D-CF7D-459A-B030-F2E64FB995D2}.Debug|Win32.ActiveCfg = Debug|Win32
		{5EC4F55D-CF7D-459A-B030-F2E64FB995D2}.Debug|Win32.Build.0 = Debug|Win32
		{5EC4F55D-CF7D-459A-B030-F2E64FB995D2}.Debug|x64.ActiveCfg = Debug|Win32
		{5EC4F55D-CF7D-459A-B030-F2E64FB995D2}.Release|Win32.ActiveCfg = Release|Win32
		{5EC4F55D-CF7D-459A-B030-F2E64FB995D2}.Release|Win32.Build.0 = Release|Win32
		{5EC4F55D-CF7D-459A-B030-F2E64FB995D2}.Release|x64.ActiveCfg = Release|Win32
		{7CCDF8B8-86DF-4F70-9F20-5F249917AC10}.Debug|Win32.ActiveCfg = Debug|Win32
		{7CCDF8B8-86DF-4F70-9F20-5F249917AC10}.Debug|Win32.Build.0 = Debug|Win32
		{7CCDF8B8-86DF-4F70-9F20-5F249917AC10}.Debug|x64.ActiveCfg = Debug|Win32
		{7CCDF8B8-86DF-4F70-9F20-5F249917AC10}.Release|Win32.ActiveCfg = Release|Win32
		{7CCDF8B8-86DF-4F70-9F20-5F249917AC10}.Release|Win32.Build.0 = Release|Win32
		{7CCDF8B8-86DF-4F70-9F20-5F249917AC10}.Release|x64.ActiveCfg = Release|Win32
		{E3E8469F-E5C2-44EC-9AAB-371E33D79A3B}.Debug|Win32.ActiveCfg = Debug|Win32
		{E3E8469F-E5C2-44EC-9AAB-371E33D79A3B}.Debug|Win32.Build.0 = Debug|Win32
		{E3E8469F-E5C2-44EC-9AAB-371E33D79A3B}.Debug|x64.ActiveCfg = Debug|Win32
		{E3E8469F-E5C2-44EC-9AAB-371E33D79A3B}.Release|Win32.ActiveCfg = Release|Win32
		{E3E8469F-E5C2-44EC-9AAB-371E33D79A3B}.Release|Win32.Build.0 = Release|Win32
		{E3E8469F-E5C2-44EC-9AAB-371E33D79A3B}.Release|x64.ActiveCfg = Release|Win32
		{6DBEA6B5-E388-464F-A366-D73FD229B9F3}.Debug|Win32.ActiveCfg = Debug|Win32
		{6DBEA6B5-E388-464F-A366-D73FD229B9F3}.Debug|Win32.Build.0 = Debug|Win32
		{6DBEA6B5-E388-464F-A366-D73FD229B9F3}.Debug|x64.ActiveCfg = Debug|Win32
		{6DBEA6B5-E388-464F-A366-D73FD229B9F3}.Release|Win32.ActiveCfg = Release|Win32
		{6DBEA6B5-E388-464F-A366-D73FD229B9F3}.Release|Win32.Build.0 = Release|Win32
		{6DBEA6B5-E388-464F-A366-D73FD229B9F3}.Release|x64.ActiveCfg = Release|Win32
		{11E0B773-9A96-483D-A096-C54AF93AC354}.Debug|Win32.ActiveCfg = Debug|Win32
		{11E0B773-9A96-483D-A096-C54AF93AC354}.Debug|Win32.Build.0 = Debug|Win32
		{11E0B773-9A96-483D-A096-C54AF93AC354}.Debug|x64.ActiveCfg = Debug|Win32
		{11E0B773-9A96-483D-A096-C54AF93AC354}.Release|Win32.ActiveCfg = Release|Win32
		{11E0B773-9A96-483D-A096-C54AF93AC354}.Release|Win32.Build.0 = Release|Win32
		{11E0B773-9A96-483D-A096-C54AF93AC354}.Release|x64.ActiveCfg = Release|Win32
		{A82BE3F9-5CC9-4C27-BFE1-922CC2F93299}.Debug|Win32.ActiveCfg = Debug|Win32
		{A82BE3F9-5CC9-4C27-BFE1-922CC2F93299}.Debug|Win32.Build.0 = Debug|Win32
		{A82BE3F9-5CC9-4C27-BFE1-922CC2F93299}.Debug|x64.ActiveCfg = Debug|Win32
		{A82BE3F9-5CC9-4C27-BFE1-922CC2F93299}.Release|Win32.ActiveCfg = Release|Win32
		{A82BE3F9-5CC9-4C27-BFE1-922CC2F93299}.Release|Win32.Build.0 = Release|Win32
		{A82BE3F9-5CC9-4C27-BFE1-922CC2F93299}.Release|x64.ActiveCfg = Release|Win32
		{E60229AE-7C5D-459F-88ED-3E862CA1EFD2}.Debug|Win32.ActiveCfg = Debug|Win32
		{E60229AE-7C5D-459F-88ED-3E862CA1EFD2}.Debug|Win32.Build.0 = Debug|Win32
		{E60229AE-7C5D-459F-88ED-3E862CA1EFD2}.Debug|x64.ActiveCfg = Debug|Win32
		{E60229AE-7C5D-459F-88ED-3E862CA1EFD2}.Release|Win32.ActiveCfg = Release|Win32
		{E60229AE-7C5D-459F-88ED-3E862CA1EFD2}.Release|Win32.Build.0 = Release|Win32
		{E60229AE-7C5D-459F-88ED-3E862CA1EFD2}.Release|x64.ActiveCfg = Release|Win32
		{CA27CDB8-DB93-4B00-9680-D22E3C03FC88}.Debug|Win32.ActiveCfg = Debug|Win32
		{CA27CDB8-DB93-4B00-9680-D22E3C03FC88}.Debug|Win32.Build.0 = Debug|Win32
		{CA27CDB8-DB93-4B00-9680-D22E3C03FC88}.Debug|x64.ActiveCfg = Debug|Win32
		{CA27CDB8-DB93-4B00-9680-D22E3C03FC88}.Release|Win32.ActiveCfg = Release|Win32
		{CA27CDB8-DB93-4B00-9680-D22E3C03FC88}.Release|Win32.Build.0 = Release|Win32
		{CA27CDB8-DB93-4B00-9680-D22E3C03FC88}.Release|x64.ActiveCfg = Release|Win32
		{1072E232-063D-4ABE-8D9C-B98DA2B1E69E}.Debug|Win32.ActiveCfg = Debug|Win32
		{1072E232-063D-4ABE-8D9C-B98DA2B1E69E}.Debug|Win32.Build.0 = Debug|Win32
		{1072E232-063D-4ABE-8D9C-B98DA2B1E69E}.Debug|x64.ActiveCfg = Debug|Win32
		{1072E232-063D-4ABE-8D9C-B98DA2B1E69E}.Release|Win32.ActiveCfg = Release|Win32
		{1072E232-063D-4ABE-8D9C-B98DA2B1E69E}.Release|Win32.Build.0 = Release|Win32
		{1072E232-063D-4ABE-8D9C-B98DA2B1E69E}.Release|x64.ActiveCfg = Release|Win32
		{489236AA-5D4A-4A07-8CF3-A2ECC09DBF1B}.Debug|Win32.ActiveCfg = Debug|Win32
		{489236AA-5D4A-4A07-8CF3-A2ECC09DBF1B}.Debug|Win32.Build.0 = Debug|Win32
		{489236AA-5D4A-4A07-8CF3-A2ECC09DBF1B}.Debug|x64.ActiveCfg = Debug|Win32
		{489236AA-5D4A-4A07-8CF3-A2ECC09DBF1B}.Release|Win32.ActiveCfg = Release|Win32
		{489236AA-5D4A-4A07-8CF3-A2ECC09DBF1B}.Release|Win32.Build.0 = Release|Win32
		{489236AA-5D4A-4A07-8CF3-A2ECC09DBF1B}.Release|x64.ActiveCfg = Release|Win32
		{D3E05F77-7F59-4A2A-B54F-0FB633B933CF}.Debug|Win32.ActiveCfg = Debug|Win32
		{D3E05F77-7F59-4A2A-B54F-0FB633B933CF}.Debug|Win32.Build.0 = Debug|Win32
		{D3E05F77-7F59-4A2A-B54F-0FB633B933CF}.Debug|x64.ActiveCfg = Debug|Win32
		{D3E05F77-7F59-4A2A-B54F-0FB633B933CF}.Release|Win32.ActiveCfg = Release|Win32
		{D3E05F77-7F59-4A2A-B54F-0FB633B933CF}.Release|Win32.Build.0 = Release|Win32
		{D3E05F77-7F59-4A2A-B54F-0FB633B933CF}.Release|x64.ActiveCfg = Release|Win32
		{114B72A3-42F1-4911-917C-E09D50A7D017}.Debug|Win32.ActiveCfg = Debug|Win32
		{114B72A3-42F1-4911-917C-E09D50A7D017}.Debug|Win32.Build.0 = Debug|Win32
		{114B72A3-42F1-4911-917C-E09D50A7D017}.Debug|x64.ActiveCfg = Debug|Win32
		{114B72A3-42F1-4911-917C-E09D50A7D017}.Release|Win32.ActiveCfg = Release|Win32
		{114B72A3-42F1-4911-917C-E09D50A7D017}.Release|Win32.Build.0 = Release|Win32
		{114B72A3-42F1-4911-917C-E09D50A7D017}.Release|x64.ActiveCfg = Release|Win32
		{A2863D27-67A4-4A4F-8CFA-4C934FCE454A}.Debug|Win32.ActiveCfg = Debug|Win32
		{A2863D27-67A4-4A4F-8CFA-4C934FCE454A}.Debug|Win32.Build.0 = Debug|Win32
		{A2863D27-67A4-4A4F-8CFA-4C934FCE454A}.Debug|x64.ActiveCfg = Debug|Win32
		{A2863D27-67A4-4A4F-8CFA-4C934FCE454A}.Release|Win32.ActiveCfg = Release|Win32
		{A2863D27-67A4-4A4F-8CFA-4C934FCE454A}.Release|Win32.Build.0 = Release|Win32
		{A2863D27-67A4-4A4F-8CFA-4C934FCE454A}.Release|x64.ActiveCfg = Release|Win32
		{BFC7B7EA-1D2B-4BBE-B150-47CEF20D0367}.Debug|Win32.ActiveCfg = Debug|Win32
		{BFC7B7EA-1D2B-4BBE-B150-47CEF20D0367}.Debug|Win32.Build.0 = Debug|Win32
		{BFC7B7EA-1D2B-4BBE-B150-47CEF20D0367}.Debug|x64.ActiveCfg = Debug|Win32
		{BFC7B7EA-1D2B-4BBE-B150-47CEF20D0367}.Release|Win32.ActiveCfg = Release|Win32
		{BFC7B7EA-1D2B-4BBE-B150-47CEF20D0367}.Release|Win32.Build.0 = Release|Win32
		{BFC7B7EA-1D2B-4BBE-B150-47CEF20D0367}.Release|x64.ActiveCfg = Release|Win32
		{33AAAAE5-4D43-4D9F-8905-49F7AC882B11}.Debug|Win32.ActiveCfg = Debug|Win32
		{33AAAAE5-4D43-4D9F-8905-49F7AC882B11}.Debug|Win32.Build.0 = Debug|Win32
		{33AAAAE5-4D43-4D9F-8905-49F7AC882B11}.Debug|x64.ActiveCfg = Debug|Win32
		{33AAAAE5-4D43-4D9F-8905-49F7AC882B11}.Release|Win32.ActiveCfg = Release|Win32
		{33AAAAE5-4D43-4D9F-8905-49F7AC882B11}.Release|Win32.Build.0 = Release|Win32
		{33AAAAE5-4D43-4D9F-8905-49F7AC882B11}.Release|x64.ActiveCfg = Release|Win32
		{8879671F-9728-4A23-8773-4F67BEDC4C0A}.Debug|Win32.ActiveCfg = Debug|Win32
		{8879671F-9728-4A23-8773-4F67BEDC4C0A}.Debug|Win32.Build.0 = Debug|Win32
		{8879671F-9728-4A23-8773-4F67BEDC4C0A}.Debug|x64.ActiveCfg = Debug|Win32
		{8879671F-9728-4A23-8773-4F67BEDC4C0A}.Release|Win32.ActiveCfg = Release|Win32
		{8879671F-9728-4A23-8773-4F67BEDC4C0A}.Release|Win32.Build.0 = Release|Win32
		{8879671F-9728-4A23-8773-4F67BEDC4C0A}.Release|x64.ActiveCfg = Release|Win32
		{39E7D58B-D9BC-46F1-82F2-13354F74BA5A}.Debug|Win32.ActiveCfg = Debug|Win32
		{39E7D58B-D9BC-46F1-82F2-13354F74BA5A}.Debug|Win32.Build.0 = Debug|Win32
		{39E7D58B-D9BC-46F1-82F2-13354F74BA5A}.Debug|x64.ActiveCfg = Debug|Win32
		{39E7D58B-D9BC-46F1-82F2-13354F74BA5A}.Release|Win32.ActiveCfg = Release|Win32
		{39E7D58B-D9BC-46F1-82F2-13354F74BA5A}.Release|Win32.Build.0 = Release|Win32
		{39E7D58B-D9BC-46F1-82F2-13354F74BA5A}.Release|x64.ActiveCfg = Release|Win32
		{7028CDBB-06AC-4730-ADB1-BECED7791F6D}.Debug|Win32.ActiveCfg = Debug|Win32
		{7028CDBB-06AC-4730-ADB1-BECED7791F6D}.Debug|Win32.Build.0 = Debug|Win32
		{7028CDBB-06AC-4730-ADB1-BECED7791F6D}.Debug|x64.ActiveCfg = Debug|Win32
		{7028CDBB-06AC-4730-ADB1-BECED7791F6D}.Release|Win32.ActiveCfg = Release|Win32
		{7028CDBB-06AC-4730-ADB1-BECED7791F6D}.Release|Win32.Build.0 = Release|Win32
		{7028CDBB-06AC-4730-ADB1-BECED7791F6D}.Release|x64.ActiveCfg = Release|Win32
		{BA76D225-ACFC-478B-84E6-768CBF56AA4D}.Debug|Win32.ActiveCfg = Debug|Win32
		{BA76D225-ACFC-478B-84E6-768CBF56AA4D}.Debug|Win32.Build.0 = Debug|Win32
		{BA76D225-ACFC-478B-84E6-768CBF56AA4D}.Debug|x64.ActiveCfg = Debug|Win32
		{BA76D225-ACFC-478B-84E6-768CBF56AA4D}.Release|Win32.ActiveCfg = Release|Win32
		{BA76D225-ACFC-478B-84E6-768CBF56AA4D}.Release|Win32.Build.0 = Release|Win32
		{BA76D225-ACFC-478B-84E6-768CBF56AA4D}.Release|x64.ActiveCfg = Release|Win32
		{18310F80-8C1D-40C4-8046-BF39C6C369DE}.Debug|Win32.ActiveCfg = Debug|Win32
		{18310F80-8C1D-40C4-8046-BF39C6C369DE}.Debug|Win32.Build.0 = Debug|Win32
		{18310F80-8C1D-40C4-8046-BF39C6C369DE}.Debug|x64.ActiveCfg = Debug|Win32
		{18310F80-8C1D-40C4-8046-BF39C6C369DE}.Release|Win32.ActiveCfg = Release|Win32
		{18310F80-8C1D-40C4-8046-BF39C6C369DE}.Release|Win32.Build.0 = Release|Win32
		{18310F80-8C1D-40C4-8046-BF39C6C369DE}.Release|x64.ActiveCfg = Release|Win32
		{164573E2-A4C3-4D7B-83E5-A9A9F421A6BF}.Debug|Win32.ActiveCfg = Debug|Win32
		{164573E2-A4C3-4D7B-83E5-A9A9F421A6BF}.Debug|Win32.Build.0 = Debug|Win32
		{164573E2-A4C3-4D7B-83E5-A9A9F421A6BF}.Debug|x64.ActiveCfg = Debug|Win32
		{164573E2-A4C3-4D7B-83E5-A9A9F421A6BF}.Release|Win32.ActiveCfg = Release|Win32
		{164573E2-A4C3-4D7B-83E5-A9A9F421A6BF}.Release|Win32.Build.0 = Release|Win32
		{164573E2-A4C3-4D7B-83E5-A9A9F421A6BF}.Release|x64.ActiveCfg = Release|Win32
		{7F1F95DC-F2ED-4DD2-95B8-B9825E951E75}.Debug|Win32.ActiveCfg = Debug|Win32
		{7F1F95DC-F2ED-4DD2-95B8-B9825E951E75}.Debug|Win32.Build.0 = Debug|Win32
		{7F1F95DC-F2ED-4DD2-95B8-B9825E951E75}.Debug|x64.ActiveCfg = Debug|Win32
		{7F1F95DC-F2ED-4DD2-95B8-B9825E951E75}.Release|Win32.ActiveCfg = Release|Win32
		{7F1F95DC-F2ED-4DD2-95B8-B9825E951E75}.Release|Win32.Build.0 = Release|Win32
		{7F1F95DC-F2ED-4DD2-95B8-B9825E951E75}.Release|x64.ActiveCfg = Release|Win32
		{7A5C8C6B-756E-4183-80CA-81203270A10B}.Debug|Win32.ActiveCfg = Debug|Win32
		{7A5C8C6B-756E-4183-80CA-81203270A10B}.Debug|Win32.Build.0 = Debug|Win32
		{7A5C8C6B-756E-4183-80CA-81203270A10B}.Debug|x64.ActiveCfg = Debug|Win32
		{7A5C8C6B-756E-4183-80CA-81203270A10B}.Release|Win32.ActiveCfg = Release|Win32
		{7A5C8C6B-756E-4183-80CA-81203270A10B}.Release|Win32.Build.0 = Release|Win32
		{7A5C8C6B-756E-4183-80CA-81203270A10B}.Release|x64.ActiveCfg = Release|Win32
		{B10D5CFD-269D-4444-970B-C201E63ABD96}.Debug|Win32.ActiveCfg = Debug|Win32
		{B10D5CFD-269D-4444-970B-C201E63ABD96}.Debug|Win32.Build.0 = Debug|Win32
		{B10D5CFD-269D-4444-970B-C201E63ABD96}.Debug|x64.ActiveCfg = Debug|Win32
		{B10D5CFD-269D-4444-970B-C201E63ABD96}.Release|Win32.ActiveCfg = Release|Win32
		{B10D5CFD-269D-4444-970B-C201E63ABD96}.Release|Win32.Build.0 = Release|Win32
		{B10D5CFD-269D-4444-970B-C201E63ABD96}.Release|x64.ActiveCfg = Release|Win32
		{1CC567E1-B769-430C-A29F-10F7EE5B2C70}.Debug|Win32.ActiveCfg = Debug|Win32
		{1CC567E1-B769-430C-A29F-10F7EE5B2C70}.Debug|Win32.Build.0 = Debug|Win32
		{1CC567E1-B769-430C-A29F-10F7EE5B2C70}.Debug|x64.ActiveCfg = Debug|Win32
		{1CC567E1-B769-430C-A29F-10F7EE5B2C70}.Release|Win32.ActiveCfg = Release|Win32
		{1CC567E1-B769-430C-A29F-10F7EE5B2C70}.Release|Win32.Build.0 = Release|Win32
		{1CC567E1-B769-430C-A29F-10F7EE5B2C70}.Release|x64.ActiveCfg = Release|Win32
		{0C275C57-3299-47E4-9388-56EC63428CAB}.Debug|Win32.ActiveCfg = Debug|Win32
		{0C275C57-3299-47E4-9388-56EC63428CAB}.Debug|Win32.Build.0 = Debug|Win32
		{0C275C57-3299-47E4-9388-56EC63428CAB}.Debug|x64.ActiveCfg = Debug|Win32
		{0C275C57-3299-47E4-9388-56EC63428CAB}.Release|Win32.ActiveCfg = Release|Win32
		{0C275C57-3299-47E4-9388-56EC63428CAB}.Release|Win32.Build.0 = Release|Win32
		{0C275C57-3299-47E4-9388-56EC63428CAB}.Release|x64.ActiveCfg = Release|Win32
		{CD6BC151-AF5A-4D78-BCD4-59F2227C8C32}.Debug|Win32.ActiveCfg = Debug|Win32
		{CD6BC151-AF5A-4D78-BCD4-59F2227C8C32}.Debug|Win32.Build.0 = Debug|Win32
		{CD6BC151-AF5A-4D78-BCD4-59F2227C8C32}.Debug|x64.ActiveCfg = Debug|Win32
		{CD6BC151-AF5A-4D78-BCD4-59F2227C8C32}.Release|Win32.ActiveCfg = Release|Win32
		{CD6BC151-AF5A-4D78-BCD4-59F2227C8C32}.Release|Win32.Build.0 = Release|Win32
		{CD6BC151-AF5A-4D78-BCD4-59F2227C8C32}.Release|x64.ActiveCfg = Release|Win32
		{5BC3FC21-EF1E-4382-918F-DF83118BCEFD}.Debug|Win32.ActiveCfg = Debug|Win32
		{5BC3FC21-EF1E-4382-918F-DF83118BCEFD}.Debug|Win32.Build.0 = Debug|Win32
		{5BC3FC21-EF1E-4382-918F-DF83118BCEFD}.Debug|x64.ActiveCfg = Debug|Win32
		{5BC3FC21-EF1E-4382-918F-DF83118BCEFD}.Release|Win32.ActiveCfg = Release|Win32
		{5BC3FC21-EF1E-4382-918F-DF83118BCEFD}.Release|Win32.Build.0 = Release|Win32
		{5BC3FC21-EF1E-4382-918F-DF83118BCEFD}.Release|x64.ActiveCfg = Release|Win32
		{75F66428-9DB8-400D-98F0-7514B9D73B9A}.Debug|Win32.ActiveCfg = Debug|Win32
		{75F66428-9DB8-400D-98F0-7514B9D73B9A}.Debug|Win32.Build.0 = Debug|Win32
		{75F66428-9DB8-400D-98F0-7514B9D73B9A}.Debug|x64.ActiveCfg = Debug|Win32
		{75F66428-9DB8-400D-98F0-7514B9D73B9A}.Release|Win32.ActiveCfg = Release|Win32
		{75F66428-9DB8-400D-98F0-7514B9D73B9A}.Release|Win32.Build.0 = Release|Win32
		{75F66428-9DB8-400D-98F0-7514B9D73B9A}.Release|x64.ActiveCfg = Release|Win32
		{8BA2DC62-C283-4707-9F44-0173C983E7BA}.Debug|Win32.ActiveCfg = Debug|Win32
		{8BA2DC62-C283-4707-9F44-0173C983E7BA}.Debug|Win32.Build.0 = Debug|Win32
		{8BA2DC62-C283-4707-9F44-0173C983E7BA}.Debug|x64.ActiveCfg = Debug|Win32
		{8BA2DC62-C283-4707-9F44-0173C983E7BA}.Release|Win32.ActiveCfg = Release|Win32
		{8BA2DC62-C283-4707-9F44-0173C983E7BA}.Release|Win32.Build.0 = Release|Win32
		{8BA2DC62-C283-4707-9F44-0173C983E7BA}.Release|x64.ActiveCfg = Release|Win32
		{FE948539-CCA0-45C6-9C24-2F62935AEBB5}.Debug|Win32.ActiveCfg = Debug|Win32
		{FE948539-CCA0-45C6-9C24-2F62935AEBB5}.Debug|Win32.Build.0 = Debug|Win32
		{FE948539-CCA0-45C6-9C24-2F62935AEBB5}.Debug|x64.ActiveCfg = Debug|Win32
		{FE948539-CCA0-45C6-9C24-2F62935AEBB5}.Release|Win32.ActiveCfg = Release|Win32
		{FE948539-CCA0-45C6-9C24-2F62935AEBB5}.Release|Win32.Build.0 = Release|Win32
		{FE948539-CCA0-45C6-9C24-2F62935AEBB5}.Release|x64.ActiveCfg = Release|Win32
		{8730DAF6-F825-4838-BF9F-D46C8E01B059}.Debug|Win32.ActiveCfg = Debug|Win32
		{8730DAF6-F825-4838-BF9F-D46C8E01B059}.Debug|Win32.Build.0 = Debug|Win32
		{8730DAF6-F825-4838-BF9F-D46C8E01B059}.Debug|x64.ActiveCfg = Debug|Win32
		{8730DAF6-F825-4838-BF9F-D46C8E01B059}.Release|Win32.ActiveCfg = Release|Win32
		{8730DAF6-F825-4838-BF9F-D46C8E01B059}.Release|Win32.Build.0 = Release|Win32
		{8730DAF6-F825-4838-BF9F-D46C8E01B059}.Release|x64.ActiveCfg = Release|Win32
		{74ABA888-EC7C-45DA-B16F-D80C8128E51E}.Debug|Win32.ActiveCfg = Debug|Win32
		{74ABA888-EC7C-45DA-B16F-D80C8128E51E}.Debug|Win32.Build.0 = Debug|Win32
		{74ABA888-EC7C-45DA-B16F-D80C8128E51E}.Debug|x64.ActiveCfg = Debug|Win32
		{74ABA888-EC7C-45DA-B16F-D80C8128E51E}.Release|Win32.ActiveCfg = Release|Win32
		{74ABA888-EC7C-45DA-B16F-D80C8128E51E}.Release|Win32.Build.0 = Release|Win32
		{74ABA888-EC7C-45DA-B16F-D80C8128E51E}.Release|x64.ActiveCfg = Release|Win32
		{E2430ECE-16E2-4826-96BF-C247AC18C9C5}.Debug|Win32.ActiveCfg = Debug|Win32
		{E2430ECE-16E2-4826-96BF-C247AC18C9C5}.Debug|Win32.Build.0 = Debug|Win32
		{E2430ECE-16E2-4826-96BF-C247AC18C9C5}.Debug|x64.ActiveCfg = Debug|Win32
		{E2430ECE-16E2-4826-96BF-C247AC18C9C5}.Release|Win32.ActiveCfg = Release|Win32
		{E2430ECE-16E2-4826-96BF-C247AC18C9C5}.Release|Win32.Build.0 = Release|Win32
		{E2430ECE-16E2-4826-96BF-C247AC18C9C5}.Release|x64.ActiveCfg = Release|Win32
		{5F89FB43-959C-4C34-8963-19B2C0DBF6C2}.Debug|Win32.ActiveCfg = Debug|Win32
		{5F89FB43-959C-4C34-8963-19B2C0DBF6C2}.Debug|Win32.Build.0 = Debug|Win32
		{5F89FB43-959C-4C34-8963-19B2C0DBF6C2}.Debug|x64.ActiveCfg = Debug|Win32
		{5F89FB43-959C-4C34-8963-19B2C0DBF6C2}.Release|Win32.ActiveCfg = Release|Win32
		{5F89FB43-959C-4C34-8963-19B2C0DBF6C2}.Release|Win32.Build.0 = Release|Win32
		{5F89FB43-959C-4C34-8963-19B2C0DBF6C2}.Release|x64.ActiveCfg = Release|Win32
		{D86F8C74-20C1-447B-9DFA-3FAFCE741C1E}.Debug|Win32.ActiveCfg = Debug|Win32
		{D86F8C74-20C1-447B-9DFA-3FAFCE741C1E}.Debug|Win32.Build.0 = Debug|Win32
		{D86F8C74-20C1-447B-9DFA-3FAFCE741C1E}.Debug|x64.ActiveCfg = Debug|Win32
		{D86F8C74-20C1-447B-9DFA-3FAFCE741C1E}.Release|Win32.ActiveCfg = Release|Win32
		{D86F8C74-20C1-447B-9DFA-3FAFCE741C1E}.Release|Win32.Build.0 = Release|Win32
		{D86F8C74-20C1-447B-9DFA-3FAFCE741C1E}.Release|x64.ActiveCfg = Release|Win32
		{04C2B814-F6E8-4304-82DF-7D404FE325DE}.Debug|Win32.ActiveCfg = Debug|Win32
		{04C2B814-F6E8-4304-82DF-7D404FE325DE}.Debug|Win32.Build.0 = Debug|Win32
		{04C2B814-F6E8-4304-82DF-7D404FE325DE}.Debug|x64.ActiveCfg = Debug|Win32
		{04C2B814-F6E8-4304-82DF-7D404FE325DE}.Release|Win32.ActiveCfg = Release|Win32
		{04C2B814-F6E8-4304-82DF-7D404FE325DE}.Release|Win32.Build.0 = Release|Win32
		{04C2B814-F6E8-4304-82DF-7D404FE325DE}.Release|x64.ActiveCfg = Release|Win32
		{0AC93C3E-0951-4094-BB53-FCB50FF71588}.Debug|Win32.ActiveCfg = Debug|Win32
		{0AC93C3E-0951-4094-BB53-FCB50FF71588}.Debug|Win32.Build.0 = Debug|Win32
		{0AC93C3E-0951-4094-BB53-FCB50FF71588}.Debug|x64.ActiveCfg = Debug|Win32
		{0AC93C3E-0951-4094-BB53-FCB50FF71588}.Release|Win32.ActiveCfg = Release|Win32
		{0AC93C3E-0951-4094-BB53-FCB50FF71588}.Release|Win32.Build.0 = Release|Win32
		{0AC93C3E-0951-4094-BB53-FCB50FF71588}.Release|x64.ActiveCfg = Release|Win32
		{984EE093-2A3B-4A29-90F7-2C1570DC552D}.Debug|Win32.ActiveCfg = Debug|Win32
		{984EE093-2A3B-4A29-90F7-2C1570DC552D}.Debug|Win32.Build.0 = Debug|Win32
		{984EE093-2A3B-4A29-90F7-2C1570DC552D}.Debug|x64.ActiveCfg = Debug|Win32
		{984EE093-2A3B-4A29-90F7-2C1570DC552D}.Release|Win32.ActiveCfg = Release|Win32
		{984EE093-2A3B-4A29-90F7-2C1570DC552D}.Release|Win32.Build.0 = Release|Win32
		{984EE093-2A3B-4A29-90F7-2C1570DC552D}.Release|x64.ActiveCfg = Release|Win32
		{A00500D4-2F20-4629-A30B-4E67ECDF8DBA}.Debug|Win32.ActiveCfg = Debug|Win32
		{A00500D4-2F20-4629-A30B-4E67ECDF8DBA}.Debug|Win32.Build.0 = Debug|Win32
		{A00500D4-2F20-4629-A30B-4E67ECDF8DBA}.Debug|x64.ActiveCfg = Debug|Win32
		{A00500D4-2F20-4629-A30B-4E67ECDF8DBA}.Release|Win32.ActiveCfg = Release|Win32
		{A00500D4-2F20-4629-A30B-4E67ECDF8DBA}.Release|Win32.Build.0 = Release|Win32
		{A00500D4-2F20-4629-A30B-4E67ECDF8DBA}.Release|x64.ActiveCfg = Release|Win32
		{681C3FA9-0791-4C6D-933E-660B6260CBCE}.Debug|Win32.ActiveCfg = Debug|Win32
		{681C3FA9-0791-4C6D-933E-660B6260CBCE}.Debug|Win32.Build.0 = Debug|Win32
		{681C3FA9-0791-4C6D-933E-660B6260CBCE}.Debug|x64.ActiveCfg = Debug|Win32
		{681C3FA9-0791-4C6D-933E-660B6260CBCE}.Release|Win32.ActiveCfg = Release|Win32
		{681C3FA9-0791-4C6D-933E-660B6260CBCE}.Release|Win32.Build.0 = Release|Win32
		{681C3FA9-0791-4C6D-933E-660B6260CBCE}.Release|x64.ActiveCfg = Release|Win32
		{D7B9DCDF-1EE6-4F3C-B8B9-97BF564F5F19}.Debug|Win32.ActiveCfg = Debug|Win32
		{D7B9DCDF-1EE6-4F3C-B8B9-97BF564F5F19}.Debug|Win32.Build.0 = Debug|Win32
		{D7B9DCDF-1EE6-4F3C-B8B9-97BF564F5F19}.Debug|x64.ActiveCfg = Debug|Win32
		{D7B9DCDF-1EE6-4F3C-B8B9-97BF564F5F19}.Release|Win32.ActiveCfg = Release|Win32
		{D7B9DCDF-1EE6-4F3C-B8B9-97BF564F5F19}.Release|Win32.Build.0 = Release|Win32
		{D7B9DCDF-1EE6-4F3C-B8B9-97BF564F5F19}.Release|x64.ActiveCfg = Release|Win32
		{C1DA8DB6-E442-4FB2-9BB9-73A61F03F62C}.Debug|Win32.ActiveCfg = Debug|Win32
		{C1DA8DB6-E442-4FB2-9BB9-73A61F03F62C}.Debug|Win32.Build.0 = Debug|Win32
		{C1DA8DB6-E442-4FB2-9BB9-73A61F03F62C}.Debug|x64.ActiveCfg = Debug|Win32
		{C1DA8DB6-E442-4FB2-9BB9-73A61F03F62C}.Release|Win32.ActiveCfg = Release|Win32
		{C1DA8DB6-E442-4FB2-9BB9-73A61F03F62C}.Release|Win32.Build.0 = Release|Win32
		{C1DA8DB6-E442-4FB2-9BB9-73A61F03F62C}.Release|x64.ActiveCfg = Release|Win32
		{D570E8BA-85E1-473E-ADF6-445C1D7FAFA7}.Debug|Win32.ActiveCfg = Debug|Win32
		{D570E8BA-85E1-473E-ADF6-445C1D7FAFA7}.Debug|Win32.Build.0 = Debug|Win32
		{D570E8BA-85E1-473E-ADF6-445C1D7FAFA7}.Debug|x64.ActiveCfg = Debug|Win32
		{D570E8BA-85E1-473E-ADF6-445C1D7FAFA7}.Release|Win32.ActiveCfg = Release|Win32
		{D570E8BA-85E1-473E-ADF6-445C1D7FAFA7}.Release|Win32.Build.0 = Release|Win32
		{D570E8BA-85E1-473E-ADF6-445C1D7FAFA7}.Release|x64.ActiveCfg = Release|Win32
		{31ABC2E3-BD4E-45C4-B425-03F068942852}.Debug|Win32.ActiveCfg = Debug|Win32
		{31ABC2E3-BD4E-45C4-B425-03F068942852}.Debug|Win32.Build.0 = Debug|Win32
		{31ABC2E3-BD4E-45C4-B425-03F068942852}.Debug|x64.ActiveCfg = Debug|Win32
		{31ABC2E3-BD4E-45C4-B425-03F068942852}.Release|Win32.ActiveCfg = Release|Win32
		{31ABC2E3-BD4E-45C4-B425-03F068942852}.Release|Win32.Build.0 = Release|Win32
		{31ABC2E3-BD4E-45C4-B425-03F068942852}.Release|x64.ActiveCfg = Release|Win32
		{82564975-CFE4-491A-B7AE-707209E2B5FE}.Debug|Win32.ActiveCfg = Debug|Win32
		{82564975-CFE4-491A-B7AE-707209E2B5FE}.Debug|Win32.Build.0 = Debug|Win32
		{82564975-CFE4-491A-B7AE-707209E2B5FE}.Debug|x64.ActiveCfg = Debug|Win32
		{82564975-CFE4-491A-B7AE-707209E2B5FE}.Release|Win32.ActiveCfg = Release|Win32
		{82564975-CFE4-491A-B7AE-707209E2B5FE}.Release|Win32.Build.0 = Release|Win32
		{82564975-CFE4-491A-B7AE-707209E2B5FE}.Release|x64.ActiveCfg = Release|Win32
		{320FDEA6-A7EF-476B-8008-8321FE7AFB02}.Debug|Win32.ActiveCfg = Debug|Win32
		{320FDEA6-A7EF-476B-8008-8321FE7AFB02}.Debug|Win32.Build.0 = Debug|Win32
		{320FDEA6-A7EF-476B-8008-8321FE7AFB02}.Debug|x64.ActiveCfg = Debug|Win32
		{320FDEA6-A7EF-476B-8008-8321FE7AFB02}.Release|Win32.ActiveCfg = Release|Win32
		{320FDEA6-A7EF-476B-8008-8321FE7AFB02}.Release|Win32.Build.0 = Release|Win32
		{320FDEA6-A7EF-476B-8008-8321FE7AFB02}.Release|x64.ActiveCfg = Release|Win32
		{F9F1C8A8-D801-4A0C-8675-B76EACF7CE09}.Debug|Win32.ActiveCfg = Debug|Win32
		{F9F1C8A8-D801-4A0C-8675-B76EACF7CE09}.Debug|Win32.Build.0 = Debug|Win32
		{F9F1C8A8-D801-4A0C-8675-B76EACF7CE09}.Debug|x64.ActiveCfg = Debug|Win32
		{F9F1C8A8-D801-4A0C-8675-B76EACF7CE09}.Release|Win32.ActiveCfg = Release|Win32
		{F9F1C8A8-D801-4A0C-8675-B76EACF7CE09}.Release|Win32.Build.0 = Release|Win32
		{F9F1C8A8-D801-4A0C-8675-B76EACF7CE09}.Release|x64.ActiveCfg = Release|Win32
		{DB69D059-7D0B-47DD-9BBD-6F4CBCEC39B5}.Debug|Win32.ActiveCfg = Debug|Win32
		{DB69D059-7D0B-47DD-9BBD-6F4CBCEC39B5}.Debug|Win32.Build.0 = Debug|Win32
		{DB69D059-7D0B-47DD-9BBD-6F4CBCEC39B5}.Debug|x64.ActiveCfg = Debug|Win32
		{DB69D059-7D0B-47DD-9BBD-6F4CBCEC39B5}.Release|Win32.ActiveCfg = Release|Win32
		{DB69D059-7D0B-47DD-9BBD-6F4CBCEC39B5}.Release|Win32.Build.0 = Release|Win32
		{DB69D059-7D0B-47DD-9BBD-6F4CBCEC39B5}.Release|x64.ActiveCfg = Release|Win32
		{5E1C355D-3648-4625-BD17-1EC516C9E70F}.Debug|Win32.ActiveCfg = Debug|Win32
		{5E1C355D-3648-4625-BD17-1EC516C9E70F}.Debug|Win32.Build.0 = Debug|Win32
		{5E1C355D-3648-4625-BD17-1EC516C9E70F}.Debug|x64.ActiveCfg = Debug|Win32
		{5E1C355D-3648-4625-BD17-1EC516C9E70F}.Release|Win32.ActiveCfg = Release|Win32
		{5E1C355D-3648-4625-BD17-1EC516C9E70F}.Release|Win32.Build.0 = Release|Win32
		{5E1C355D-3648-4625-BD17-1EC516C9E70F}.Release|x64.ActiveCfg = Release|Win32
		{BC0F2A03-5EB9-4864-99A5-02F74DE7D3B1}.Debug|Win32.ActiveCfg = Debug|Win32
		{BC0F2A03-5EB9-4864-99A5-02F74DE7D3B1}.Debug|Win32.Build.0 = Debug|Win32
		{BC0F2A03-5EB9-4864-99A5-02F74DE7D3B1}.Debug|x64.ActiveCfg = Debug|Win32
		{BC0F2A03-5EB9-4864-99A5-02F74DE7D3B1}.Release|Win32.ActiveCfg = Release|Win32
		{BC0F2A03-5EB9-4864-99A5-02F74DE7D3B1}.Release|Win32.Build.0 = Release|Win32
		{BC0F2A03-5EB9-4864-99A5-02F74DE7D3B1}.Release|x64.ActiveCfg = Release|Win32
		{C7AEA855-A05E-4F0D-99C8-A83ACF0561BE}.Debug|Win32.ActiveCfg = Debug|Win32
		{C7AEA855-A05E-4F0D-99C8-A83ACF0561BE}.Debug|Win32.Build.0 = Debug|Win32
		{C7AEA855-A05E-4F0D-99C8-A83ACF0561BE}.Debug|x64.ActiveCfg = Debug|Win32
		{C7AEA855-A05E-4F0D-99C8-A83ACF0561BE}.Release|Win32.ActiveCfg = Release|Win32
		{C7AEA855-A05E-4F0D-99C8-A83ACF0561BE}.Release|Win32.Build.0 = Release|Win32
		{C7AEA855-A05E-4F0D-99C8-A83ACF0561BE}.Release|x64.ActiveCfg = Release|Win32
		{E8B197F9-4159-408A-BBF2-50DA04E06285}.Debug|Win32.ActiveCfg = Debug|Win32
		{E8B197F9-4159-408A-BBF2-50DA04E06285}.Debug|Win32.Build.0 = Debug|Win32
		{E8B197F9-4159-408A-BBF2-50DA04E06285}.Debug|x64.ActiveCfg = Debug|Win32
		{E8B197F9-4159-408A-BBF2-50DA04E06285}.Release|Win32.ActiveCfg = Release|Win32
		{E8B197F9-4159-408A-BBF2-50DA04E06285}.Release|Win32.Build.0 = Release|Win32
		{E8B197F9-4159-408A-BBF2-50DA04E06285}.Release|x64.ActiveCfg = Release|Win32
		{0CA858F2-B1D3-4BBE-BED4-EE375A3CE691}.Debug|Win32.ActiveCfg = Debug|Win32
		{0CA858F2-B1D3-4BBE-BED4-EE375A3CE691}.Debug|Win32.Build.0 = Debug|Win32
		{0CA858F2-B1D3-4BBE-BED4-EE375A3CE691}.Debug|x64.ActiveCfg = Debug|Win32
		{0CA858F2-B1D3-4BBE-BED4-EE375A3CE691}.Release|Win32.ActiveCfg = Release|Win32
		{0CA858F2-B1D3-4BBE-BED4-EE375A3CE691}.Release|Win32.Build.0 = Release|Win32
		{0CA858F2-B1D3-4BBE-BED4-EE375A3CE691}.Release|x64.ActiveCfg = Release|Win32
		{F619891C-B80B-48BC-BDA9-8920FE54D4EC}.Debug|Win32.ActiveCfg = Debug|Win32
		{F619891C-B80B-48BC-BDA9-8920FE54D4EC}.Debug|Win32.Build.0 = Debug|Win32
		{F619891C-B80B-48BC-BDA9-8920FE54D4EC}.Debug|x64.ActiveCfg = Debug|Win32
		{F619891C-B80B-48BC-BDA9-8920FE54D4EC}.Release|Win32.ActiveCfg = Release|Win32
		{F619891C-B80B-48BC-BDA9-8920FE54D4EC}.Release|Win32.Build.0 = Release|Win32
		{F619891C-B80B-48BC-BDA9-8920FE54D4EC}.Release|x64.ActiveCfg = Release|Win32
		{192479B8-345F-462E-BF2F-1CEF2FDB6D22}.Debug|Win32.ActiveCfg = Debug|Win32
		{192479B8-345F-462E-BF2F-1CEF2FDB6D22}.Debug|Win32.Build.0 = Debug|Win32
		{192479B8-345F-462E-BF2F-1CEF2FDB6D22}.Debug|x64.ActiveCfg = Debug|Win32
		{192479B8-345F-462E-BF2F-1CEF2FDB6D22}.Release|Win32.ActiveCfg = Release|Win32
		{192479B8-345F-462E-BF2F-1CEF2FDB6D22}.Release|Win32.Build.0 = Release|Win32
		{192479B8-345F-462E-BF2F-1CEF2FDB6D22}.Release|x64.ActiveCfg = Release|Win32
		{09C6A2E5-2ABB-493F-99E1-778016C9DEA6}.Debug|Win32.ActiveCfg = Debug|Win32
		{09C6A2E5-2ABB-493F-99E1-778016C9DEA6}.Debug|Win32.Build.0 = Debug|Win32
		{09C6A2E5-2ABB-493F-99E1-778016C9DEA6}.Debug|x64.ActiveCfg = Debug|Win32
		{09C6A2E5-2ABB-493F-99E1-778016C9DEA6}.Release|Win32.ActiveCfg = Release|Win32
		{09C6A2E5-2ABB-493F-99E1-778016C9DEA6}.Release|Win32.Build.0 = Release|Win32
		{09C6A2E5-2ABB-493F-99E1-778016C9DEA6}.Release|x64.ActiveCfg = Release|Win32
		{96127249-AD0A-4931-96C7-0933147E6796}.Debug|Win32.ActiveCfg = Debug|Win32
		{96127249-AD0A-4931-96C7-0933147E6796}.Debug|Win32.Build.0 = Debug|Win32
		{96127249-AD0A-4931-96C7-0933147E6796}.Debug|x64.ActiveCfg = Debug|Win32
		{96127249-AD0A-4931-96C7-0933147E6796}.Release|Win32.ActiveCfg = Release|Win32
		{96127249-AD0A-4931-96C7-0933147E6796}.Release|Win32.Build.0 = Release|Win32
		{96127249-AD0A-4931-96C7-0933147E6796}.Release|x64.ActiveCfg = Release|Win32
		{7822F281-76EE-4D8B-BF47-C47926E58B24}.Debug|Win32.ActiveCfg = Debug|Win32
		{7822F281-76EE-4D8B-BF47-C47926E58B24}.Debug|Win32.Build.0 = Debug|Win32
		{7822F281-76EE-4D8B-BF47-C47926E58B24}.Debug|x64.ActiveCfg = Debug|Win32
		{7822F281-76EE-4D8B-BF47-C47926E58B24}.Release|Win32.ActiveCfg = Release|Win32
		{7822F281-76EE-4D8B-BF47-C47926E58B24}.Release|Win32.Build.0 = Release|Win32
		{7822F281-76EE-4D8B-BF47-C47926E58B24}.Release|x64.ActiveCfg = Release|Win32
		{8E412B26-E3AD-4AA1-9B5A-BF9AD1566464}.Debug|Win32.ActiveCfg = Debug|Win32
		{8E412B26-E3AD-4AA1-9B5A-BF9AD1566464}.Debug|Win32.Build.0 = Debug|Win32
		{8E412B26-E3AD-4AA1-9B5A-BF9AD1566464}.Debug|x64.ActiveCfg = Debug|Win32
		{8E412B26-E3AD-4AA1-9B5A-BF9AD1566464}.Release|Win32.ActiveCfg = Release|Win32
		{8E412B26-E3AD-4AA1-9B5A-BF9AD1566464}.Release|Win32.Build.0 = Release|Win32
		{8E412B26-E3AD-4AA1-9B5A-BF9AD1566464}.Release|x64.ActiveCfg = Release|Win32
		{13DBA799-C715-4D6F-A978-38C5CC1B40D1}.Debug|Win32.ActiveCfg = Debug|Win32
		{13DBA799-C715-4D6F-A978-38C5CC1B40D1}.Debug|Win32.Build.0 = Debug|Win32
		{13DBA799-C715-4D6F-A978-38C5CC1B40D1}.Debug|x64.ActiveCfg = Debug|Win32
		{13DBA799-C715-4D6F-A978-38C5CC1B40D1}.Release|Win32.ActiveCfg = Release|Win32
		{13DBA799-C715-4D6F-A978-38C5CC1B40D1}.Release|Win32.Build.0 = Release|Win32
		{13DBA799-C715-4D6F-A978-38C5CC1B40D1}.Release|x64.ActiveCfg = Release|Win32
		{50CDAFAD-8571-4BD1-BA15-B4949C647B09}.Debug|Win32.ActiveCfg = Debug|Win32
		{50CDAFAD-8571-4BD1-BA15-B4949C647B09}.Debug|Win32.Build.0 = Debug|Win32
		{50CDAFAD-8571-4BD1-BA15-B4949C647B09}.Debug|x64.ActiveCfg = Debug|Win32
		{50CDAFAD-8571-4BD1-BA15-B4949C647B09}.Release|Win32.ActiveCfg = Release|Win32
		{50CDAFAD-8571-4BD1-BA15-B4949C647B09}.Release|Win32.Build.0 = Release|Win32
		{50CDAFAD-8571-4BD1-BA15-B4949C647B09}.Release|x64.ActiveCfg = Release|Win32
		{110F6C39-3E5B-4EA9-938F-5FABE16333B7}.Debug|Win32.ActiveCfg = Debug|Win32
		{110F6C39-3E5B-4EA9-938F-5FABE16333B7}.Debug|Win32.Build.0 = Debug|Win32
		{110F6C39-3E5B-4EA9-938F-5FABE16333B7}.Debug|x64.ActiveCfg = Debug|Win32
		{110F6C39-3E5B-4EA9-938F-5FABE16333B7}.Release|Win32.ActiveCfg = Release|Win32
		{110F6C39-3E5B-4EA9-938F-5FABE16333B7}.Release|Win32.Build.0 = Release|Win32
		{110F6C39-3E5B-4EA9-938F-5FABE16333B7}.Release|x64.ActiveCfg = Release|Win32
		{5CD88503-DBF1-4EB1-88F0-2DA56EA8AC32}.Debug|Win32.ActiveCfg = Debug|Win32
		{5CD88503-DBF1-4EB1-88F0-2DA56EA8AC32}.Debug|Win32.Build.0 = Debug|Win32
		{5CD88503-DBF1-4EB1-88F0-2DA56EA8AC32}.Debug|x64.ActiveCfg = Debug|Win32
		{5CD88503-DBF1-4EB1-88F0-2DA56EA8AC32}.Release|Win32.ActiveCfg = Release|Win32
		{5CD88503-DBF1-4EB1-88F0-2DA56EA8AC32}.Release|Win32.Build.0 = Release|Win32
		{5CD88503-DBF1-4EB1-88F0-2DA56EA8AC32}.Release|x64.ActiveCfg = Release|Win32
		{E6E1B873-84CB-4167-8125-107563522797}.Debug|Win32.ActiveCfg = Debug|Win32
		{E6E1B873-84CB-4167-8125-107563522797}.Debug|Win32.Build.0 = Debug|Win32
		{E6E1B873-84CB-4167-8125-107563522797}.Debug|x64.ActiveCfg = Debug|Win32
		{E6E1B873-84CB-4167-8125-107563522797}.Release|Win32.ActiveCfg = Release|Win32
		{E6E1B873-84CB-4167-8125-107563522797}.Release|Win32.Build.0 = Release|Win32
		{E6E1B873-84CB-4167-8125-107563522797}.Release|x64.ActiveCfg = Release|Win32
		{055250B9-6781-4D5A-8839-5453EA944AC7}.Debug|Win32.ActiveCfg = Debug|Win32
		{055250B9-6781-4D5A-8839-5453EA944AC7}.Debug|Win32.Build.0 = Debug|Win32
		{055250B9-6781-4D5A-8839-5453EA944AC7}.Debug|x64.ActiveCfg = Debug|Win32
		{055250B9-6781-4D5A-8839-5453EA944AC7}.Release|Win32.ActiveCfg = Release|Win32
		{055250B9-6781-4D5A-8839-5453EA944AC7}.Release|Win32.Build.0 = Release|Win32
		{055250B9-6781-4D5A-8839-5453EA944AC7}.Release|x64.ActiveCfg = Release|Win32
		{B4CA2288-0626-43B9-8E7D-4B35D5A6A111}.Debug|Win32.ActiveCfg = Debug|Win32
		{B4CA2288-0626-43B9-8E7D-4B35D5A6A111}.Debug|Win32.Build.0 = Debug|Win32
		{B4CA2288-0626-43B9-8E7D-4B35D5A6A111}.Debug|x64.ActiveCfg = Debug|Win32
		{B4CA2288-0626-43B9-8E7D-4B35D5A6A111}.Release|Win32.ActiveCfg = Release|Win32
		{B4CA2288-0626-43B9-8E7D-4B35D5A6A111}.Release|Win32.Build.0 = Release|Win32
		{B4CA2288-0626-43B9-8E7D-4B35D5A6A111}.Release|x64.ActiveCfg = Release|Win32
		{FB3F2571-8A5B-4CF6-9071-D030AC50160D}.Debug|Win32.ActiveCfg = Debug|Win32
		{FB3F2571-8A5B-4CF6-9071-D030AC50160D}.Debug|Win32.Build.0 = Debug|Win32
		{FB3F2571-8A5B-4CF6-9071-D030AC50160D}.Debug|x64.ActiveCfg = Debug|Win32
		{FB3F2571-8A5B-4CF6-9071-D030AC50160D}.Release|Win32.ActiveCfg = Release|Win32
		{FB3F2571-8A5B-4CF6-9071-D030AC50160D}.Release|Win32.Build.0 = Release|Win32
		{FB3F2571-8A5B-4CF6-9071-D030AC50160D}.Release|x64.ActiveCfg = Release|Win32
		{33ACBAE2-0A19-4F7F-A468-DA887A5B3EBB}.Debug|Win32.ActiveCfg = Debug|Win32
		{33ACBAE2-0A19-4F7F-A468-DA887A5B3EBB}.Debug|Win32.Build.0 = Debug|Win32
		{33ACBAE2-0A19-4F7F-A468-DA887A5B3EBB}.Debug|x64.ActiveCfg = Debug|Win32
		{33ACBAE2-0A19-4F7F-A468-DA887A5B3EBB}.Release|Win32.ActiveCfg = Release|Win32
		{33ACBAE2-0A19-4F7F-A468-DA887A5B3EBB}.Release|Win32.Build.0 = Release|Win32
		{33ACBAE2-0A19-4F7F-A468-DA887A5B3EBB}.Release|x64.ActiveCfg = Release|Win32
		{5C796D33-4B68-4DA3-9E83-B1AF39FDD983}.Debug|Win32.ActiveCfg = Debug|Win32
		{5C796D33-4B68-4DA3-9E83-B1AF39FDD983}.Debug|Win32.Build.0 = Debug|Win32
		{5C796D33-4B68-4DA3-9E83-B1AF39FDD983}.Debug|x64.ActiveCfg = Debug|Win32
		{5C796D33-4B68-4DA3-9E83-B1AF39FDD983}.Release|Win32.ActiveCfg = Release|Win32
		{5C796D33-4B68-4DA3-9E83-B1AF39FDD983}.Release|Win32.Build.0 = Release|Win32
		{5C796D33-4B68-4DA3-9E83-B1AF39FDD983}.Release|x64.ActiveCfg = Release|Win32
		{5E1E02DC-5A35-49F9-A668-EBB44ADE91C7}.Debug|Win32.ActiveCfg = Debug|Win32
		{5E1E02DC-5A35-49F9-A668-EBB44ADE91C7}.Debug|Win32.Build.0 = Debug|Win32
		{5E1E02DC-5A35-49F9-A668-EBB44ADE91C7}.Debug|x64.ActiveCfg = Debug|Win32
		{5E1E02DC-5A35-49F9-A668-EBB44ADE91C7}.Release|Win32.ActiveCfg = Release|Win32
		{5E1E02DC-5A35-49F9-A668-EBB44ADE91C7}.Release|Win32.Build.0 = Release|Win32
		{5E1E02DC-5A35-49F9-A668-EBB44ADE91C7}.Release|x64.ActiveCfg = Release|Win32
		{1E224B52-5A8C-44CC-B24B-856F5324D7C7}.Debug|Win32.ActiveCfg = Debug|Win32
		{1E224B52-5A8C-44CC-B24B-856F5324D7C7}.Debug|Win32.Build.0 = Debug|Win32
		{1E224B52-5A8C-44CC-B24B-856F5324D7C7}.Debug|x64.ActiveCfg = Debug|Win32
		{1E224B52-5A8C-44CC-B24B-856F5324D7C7}.Release|Win32.ActiveCfg = Release|Win32
		{1E224B52-5A8C-44CC-B24B-856F5324D7C7}.Release|Win32.Build.0 = Release|Win32
		{1E224B52-5A8C-44CC-B24B-856F5324D7C7}.Release|x64.ActiveCfg = Release|Win32
		{EB332672-BC74-45A8-B743-BE10725A53E0}.Debug|Win32.ActiveCfg = Debug|Win32
		{EB332672-BC74-45A8-B743-BE10725A53E0}.Debug|Win32.Build.0 = Debug|Win32
		{EB332672-BC74-45A8-B743-BE10725A53E0}.Debug|x64.ActiveCfg = Debug|Win32
		{EB332672-BC74-45A8-B743-BE10725A53E0}.Release|Win32.ActiveCfg = Release|Win32
		{EB332672-BC74-45A8-B743-BE10725A53E0}.Release|Win32.Build.0 = Release|Win32
		{EB332672-BC74-45A8-B743-BE10725A53E0}.Release|x64.ActiveCfg = Release|Win32
		{82218B6E-1D6B-4323-AC46-8C2021685C2E}.Debug|Win32.ActiveCfg = Debug|Win32
		{82218B6E-1D6B-4323-AC46-8C2021685C2E}.Debug|Win32.Build.0 = Debug|Win32
		{82218B6E-1D6B-4323-AC46-8C2021685C2E}.Debug|x64.ActiveCfg = Debug|Win32
		{82218B6E-1D6B-4323-AC46-8C2021685C2E}.Release|Win32.ActiveCfg = Release|Win32
		{82218B6E-1D6B-4323-AC46-8C2021685C2E}.Release|Win32.Build.0 = Release|Win32
		{82218B6E-1D6B-4323-AC46-8C2021685C2E}.Release|x64.ActiveCfg = Release|Win32
		{DC00F7E0-D73E-494C-BEB3-E48466877975}.Debug|Win32.ActiveCfg = Debug|Win32
		{DC00F7E0-D73E-494C-BEB3-E48466877975}.Debug|Win32.Build.0 = Debug|Win32
		{DC00F7E0-D73E-494C-BEB3-E48466877975}.Debug|x64.ActiveCfg = Debug|Win32
		{DC00F7E0-D73E-494C-BEB3-E48466877975}.Release|Win32.ActiveCfg = Release|Win32
		{DC00F7E0-D73E-494C-BEB3-E48466877975}.Release|Win32.Build.0 = Release|Win32
		{DC00F7E0-D73E-494C-BEB3-E48466877975}.Release|x64.ActiveCfg = Release|Win32
		{7BC19C36-E137-4997-B1C1-9E37408F6B88}.Debug|Win32.ActiveCfg = Debug|Win32
		{7BC19C36-E137-4997-B1C1-9E37408F6B88}.Debug|Win32.Build.0 = Debug|Win32
		{7BC19C36-E137-4997-B1C1-9E37408F6B88}.Debug|x64.ActiveCfg = Debug|Win32
		{7BC19C36-E137-4997-B1C1-9E37408F6B88}.Release|Win32.ActiveCfg = Release|Win32
		{7BC19C36-E137-4997-B1C1-9E37408F6B88}.Release|Win32.Build.0 = Release|Win32
		{7BC19C36-E137-4997-B1C1-9E37408F6B88}.Release|x64.ActiveCfg = Release|Win32
		{B509D05C-352F-4828-933A-11E100FAE036}.Debug|Win32.ActiveCfg = Debug|Win32
		{B509D05C-352F-4828-933A-11E100FAE036}.Debug|Win32.Build.0 = Debug|Win32
		{B509D05C-352F-4828-933A-11E100FAE036}.Debug|x64.ActiveCfg = Debug|Win32
		{B509D05C-352F-4828-933A-11E100FAE036}.Release|Win32.ActiveCfg = Release|Win32
		{B509D05C-352F-4828-933A-11E100FAE036}.Release|Win32.Build.0 = Release|Win32
		{B509D05C-352F-4828-933A-11E100FAE036}.Release|x64.ActiveCfg = Release|Win32
		{A9CF368E-E315-4786-80E7-451DA8133FDA}.Debug|Win32.ActiveCfg = Debug|Win32
		{A9CF368E-E315-4786-80E7-451DA8133FDA}.Debug|Win32.Build.0 = Debug|Win32
		{A9CF368E-E315-4786-80E7-451DA8133FDA}.Debug|x64.ActiveCfg = Debug|Win32
		{A9CF368E-E315-4786-80E7-451DA8133FDA}.Release|Win32.ActiveCfg = Release|Win32
		{A9CF368E-E315-4786-80E7-451DA8133FDA}.Release|Win32.Build.0 = Release|Win32
		{A9CF368E-E315-4786-80E7-451DA8133FDA}.Release|x64.ActiveCfg = Release|Win32
		{B03E8B22-D3A6-4545-98C0-5503FFF7553E}.Debug|Win32.ActiveCfg = Debug|Win32
		{B03E8B22-D3A6-4545-98C0-5503FFF7553E}.Debug|Win32.Build.0 = Debug|Win32
		{B03E8B22-D3A6-4545-98C0-5503FFF7553E}.Debug|x64.ActiveCfg = Debug|Win32
		{B03E8B22-D3A6-4545-98C0-5503FFF7553E}.Release|Win32.ActiveCfg = Release|Win32
		{B03E8B22-D3A6-4545-98C0-5503FFF7553E}.Release|Win32.Build.0 = Release|Win32
		{B03E8B22-D3A6-4545-98C0-5503FFF7553E}.Release|x64.ActiveCfg = Release|Win32
		{D3C34B3F-A01D-4F2C-BFA2-F2960C015A6D}.Debug|Win32.ActiveCfg = Debug|Win32
		{D3C34B3F-A01D-4F2C-BFA2-F2960C015A6D}.Debug|Win32.Build.0 = Debug|Win32
		{D3C34B3F-A01D-4F2C-BFA2-F2960C015A6D}.Debug|x64.ActiveCfg = Debug|Win32
		{D3C34B3F-A01D-4F2C-BFA2-F2960C015A6D}.Release|Win32.ActiveCfg = Release|Win32
		{D3C34B3F-A01D-4F2C-BFA2-F2960C015A6D}.Release|Win32.Build.0 = Release|Win32
		{D3C34B3F-A01D-4F2C-BFA2-F2960C015A6D}.Release|x64.ActiveCfg = Release|Win32
		{DB2E1C88-8F59-45F8-937C-0F01AE98D0DA}.Debug|Win32.ActiveCfg = Debug|Win32
		{DB2E1C88-8F59-45F8-937C-0F01AE98D0DA}.Debug|Win32.Build.0 = Debug|Win32
		{DB2E1C88-8F59-45F8-937C-0F01AE98D0DA}.Debug|x64.ActiveCfg = Debug|Win32
		{DB2E1C88-8F59-45F8-937C-0F01AE98D0DA}.Release|Win32.ActiveCfg = Release|Win32
		{DB2E1C88-8F59-45F8-937C-0F01AE98D0DA}.Release|Win32.Build.0 = Release|Win32
		{DB2E1C88-8F59-45F8-937C-0F01AE98D0DA}.Release|x64.ActiveCfg = Release|Win32
		{5F708D69-B399-436B-B54F-2AB069FA67DC}.Debug|Win32.ActiveCfg = Debug|Win32
		{5F708D69-B399-436B-B54F-2AB069FA67DC}.Debug|Win32.Build.0 = Debug|Win32
		{5F708D69-B399-436B-B54F-2AB069FA67DC}.Debug|x64.ActiveCfg = Debug|Win32
		{5F708D69-B399-436B-B54F-2AB069FA67DC}.Release|Win32.ActiveCfg = Release|Win32
		{5F708D69-B399-436B-B54F-2AB069FA67DC}.Release|Win32.Build.0 = Release|Win32
		{5F708D69-B399-436B-B54F-2AB069FA67DC}.Release|x64.ActiveCfg = Release|Win32
		{E79E2E24-7702-407B-81EF-0900C84D8270}.Debug|Win32.ActiveCfg = Debug|Win32
		{E79E2E24-7702-407B-81EF-0900C84D8270}.Debug|Win32.Build.0 = Debug|Win32
		{E79E2E24-7702-407B-81EF-0900C84D8270}.Debug|x64.ActiveCfg = Debug|Win32
		{E79E2E24-7702-407B-81EF-0900C84D8270}.Release|Win32.ActiveCfg = Release|Win32
		{E79E2E24-7702-407B-81EF-0900C84D8270}.Release|Win32.Build.0 = Release|Win32
		{E79E2E24-7702-407B-81EF-0900C84D8270}.Release|x64.ActiveCfg = Release|Win32
		{DD3DC29F-1A3E-4E18-850A-2C52199F63CB}.Debug|Win32.ActiveCfg = Debug|Win32
		{DD3DC29F-1A3E-4E18-850A-2C52199F63CB}.Debug|Win32.Build.0 = Debug|Win32
		{DD3DC29F-1A3E-4E18-850A-2C52199F63CB}.Debug|x64.ActiveCfg = Debug|Win32
		{DD3DC29F-1A3E-4E18-850A-2C52199F63CB}.Release|Win32.ActiveCfg = Release|Win32
		{DD3DC29F-1A3E-4E18-850A-2C52199F63CB}.Release|Win32.Build.0 = Release|Win32
		{DD3DC29F-1A3E-4E18-850A-2C52199F63CB}.Release|x64.ActiveCfg = Release|Win32
		{02558B47-7ADA-469A-949A-5EA86E1CD375}.Debug|Win32.ActiveCfg = Debug|Win32
		{02558B47-7ADA-469A-949A-5EA86E1CD375}.Debug|Win32.Build.0 = Debug|Win32
		{02558B47-7ADA-469A-949A-5EA86E1CD375}.Debug|x64.ActiveCfg = Debug|Win32
		{02558B47-7ADA-469A-949A-5EA86E1CD375}.Release|Win32.ActiveCfg = Release|Win32
		{02558B47-7ADA-469A-949A-5EA86E1CD375}.Release|Win32.Build.0 = Release|Win32
		{02558B47-7ADA-469A-949A-5EA86E1CD375}.Release|x64.ActiveCfg = Release|Win32
		{088A4A92-72D8-463B-AA6C-637547DDA83F}.Debug|Win32.ActiveCfg = Debug|Win32
		{088A4A92-72D8-463B-AA6C-637547DDA83F}.Debug|Win32.Build.0 = Debug|Win32
		{088A4A92-72D8-463B-AA6C-637547DDA83F}.Debug|x64.ActiveCfg = Debug|Win32
		{088A4A92-72D8-463B-AA6C-637547DDA83F}.Release|Win32.ActiveCfg = Release|Win32
		{088A4A92-72D8-463B-AA6C-637547DDA83F}.Release|Win32.Build.0 = Release|Win32
		{088A4A92-72D8-463B-AA6C-637547DDA83F}.Release|x64.ActiveCfg = Release|Win32
		{834448E0-05F2-4409-8CC3-85F738F3576E}.Debug|Win32.ActiveCfg = Debug|Win32
		{834448E0-05F2-4409-8CC3-85F738F3576E}.Debug|Win32.Build.0 = Debug|Win32
		{834448E0-05F2-4409-8CC3-85F738F3576E}.Debug|x64.ActiveCfg = Debug|Win32
		{834448E0-05F2-4409-8CC3-85F738F3576E}.Release|Win32.ActiveCfg = Release|Win32
		{834448E0-05F2-4409-8CC3-85F738F3576E}.Release|Win32.Build.0 = Release|Win32
		{834448E0-05F2-4409-8CC3-85F738F3576E}.Release|x64.ActiveCfg = Release|Win32
		{6AD5B901-E97D-4992-82CC-15A86C15469D}.Debug|Win32.ActiveCfg = Debug|Win32
		{6AD5B901-E97D-4992-82CC-15A86C15469D}.Debug|Win32.Build.0 = Debug|Win32
		{6AD5B901-E97D-4992-82CC-15A86C15469D}.Debug|x64.ActiveCfg = Debug|Win32
		{6AD5B901-E97D-4992-82CC-15A86C15469D}.Release|Win32.ActiveCfg = Release|Win32
		{6AD5B901-E97D-4992-82CC-15A86C15469D}.Release|Win32.Build.0 = Release|Win32
		{6AD5B901-E97D-4992-82CC-15A86C15469D}.Release|x64.ActiveCfg = Release|Win32
		{80B4B831-3996-4207-994D-9816A05349AF}.Debug|Win32.ActiveCfg = Debug|Win32
		{80B4B831-3996-4207-994D-9816A05349AF}.Debug|Win32.Build.0 = Debug|Win32
		{80B4B831-3996-4207-994D-9816A05349AF}.Debug|x64.ActiveCfg = Debug|Win32
		{80B4B831-3996-4207-994D-9816A05349AF}.Release|Win32.ActiveCfg = Release|Win32
		{80B4B831-3996-4207-994D-9816A05349AF}.Release|Win32.Build.0 = Release|Win32
		{80B4B831-3996-4207-994D-9816A05349AF}.Release|x64.ActiveCfg = Release|Win32
		{F93ADFA3-9EF4-40BF-8E97-05695C866D50}.Debug|Win32.ActiveCfg = Debug|Win32
		{F93ADFA3-9EF4-40BF-8E97-05695C866D50}.Debug|Win32.Build.0 = Debug|Win32
		{F93ADFA3-9EF4-40BF-8E97-05695C866D50}.Debug|x64.ActiveCfg = Debug|x64
		{F93ADFA3-9EF4-40BF-8E97-05695C866D50}.Debug|x64.Build.0 = Debug|x64
		{F93ADFA3-9EF4-40BF-8E97-05695C866D50}.Release|Win32.ActiveCfg = Release|Win32
		{F93ADFA3-9EF4-40BF-8E97-05695C866D50}.Release|Win32.Build.0 = Release|Win32
		{F93ADFA3-9EF4-40BF-8E97-05695C866D50}.Release|x64.ActiveCfg = Release|x64
		{F93ADFA3-9EF4-40BF-8E97-05695C866D50}.Release|x64.Build.0 = Release|x64
		{A4187571-7F7F-4C03-B65D-E4F9358B78A7}.Debug|Win32.ActiveCfg = Debug|Win32
		{A4187571-7F7F-4C03-B65D-E4F9358B78A7}.Debug|Win32.Build.0 = Debug|Win32
		{A4187571-7F7F-4C03-B65D-E4F9358B78A7}.Debug|x64.ActiveCfg = Debug|x64
		{A4187571-7F7F-4C03-B65D-E4F9358B78A7}.Debug|x64.Build.0 = Debug|x64
		{A4187571-7F7F-4C03-B65D-E4F9358B78A7}.Release|Win32.ActiveCfg = Release|Win32
		{A4187571-7F7F-4C03-B65D-E4F9358B78A7}.Release|Win32.Build.0 = Release|Win32
		{A4187571-7F7F-4C03-B65D-E4F9358B78A7}.Release|x64.ActiveCfg = Release|x64
		{A4187571-7F7F-4C03-B65D-E4F9358B78A7}.Release|x64.Build.0 = Release|x64
		{B201DDCE-FDEA-469A-A8D1-9EDA8E131B23}.Debug|Win32.ActiveCfg = Debug|Win32
		{B201DDCE-FDEA-469A-A8D1-9EDA8E131B23}.Debug|Win32.Build.0 = Debug|Win32
		{B201DDCE-FDEA-469A-A8D1-9EDA8E131B23}.Debug|x64.ActiveCfg = Debug|x64
		{B201DDCE-FDEA-469A-A8D1-9EDA8E131B23}.Debug|x64.Build.0 = Debug|x64
		{B201DDCE-FDEA-469A-A8D1-9EDA8E131B23}.Release|Win32.ActiveCfg = Release|Win32
		{B201DDCE-FDEA-469A-A8D1-9EDA8E131B23}.Release|Win32.Build.0 = Release|Win32
		{B201DDCE-FDEA-469A-A8D1-9EDA8E131B23}.Release|x64.ActiveCfg = Release|x64
		{B201DDCE-FDEA-469A-A8D1-9EDA8E131B23}.Release|x64.Build.0 = Release|x64
		{BE338FF7-3CF1-4C7A-B783-0AC38719585C}.Debug|Win32.ActiveCfg = Debug|Win32
		{BE338FF7-3CF1-4C7A-B783-0AC38719585C}.Debug|Win32.Build.0 = Debug|Win32
		{BE338FF7-3CF1-4C7A-B783-0AC38719585C}.Debug|x64.ActiveCfg = Debug|x64
		{BE338FF7-3CF1-4C7A-B783-0AC38719585C}.Debug|x64.Build.0 = Debug|x64
		{BE338FF7-3CF1-4C7A-B783-0AC38719585C}.Release|Win32.ActiveCfg = Release|Win32
		{BE338FF7-3CF1-4C7A-B783-0AC38719585C}.Release|Win32.Build.0 = Release|Win32
		{BE338FF7-3CF1-4C7A-B783-0AC38719585C}.Release|x64.ActiveCfg = Release|x64
		{BE338FF7-3CF1-4C7A-B783-0AC38719585C}.Release|x64.Build.0 = Release|x64
		{EBD782FC-614E-4B6E-BC38-90FAF06EA1F3}.Debug|Win32.ActiveCfg = Debug|Win32
		{EBD782FC-614E-4B6E-BC38-90FAF06EA1F3}.Debug|Win32.Build.0 = Debug|Win32
		{EBD782FC-614E-4B6E-BC38-90FAF06EA1F3}.Debug|x64.ActiveCfg = Debug|x64
		{EBD782FC-614E-4B6E-BC38-90FAF06EA1F3}.Debug|x64.Build.0 = Debug|x64
		{EBD782FC-614E-4B6E-BC38-90FAF06EA1F3}.Release|Win32.ActiveCfg = Release|Win32
		{EBD782FC-614E-4B6E-BC38-90FAF06EA1F3}.Release|Win32.Build.0 = Release|Win32
		{EBD782FC-614E-4B6E-BC38-90FAF06EA1F3}.Release|x64.ActiveCfg = Release|x64
		{EBD782FC-614E-4B6E-BC38-90FAF06EA1F3}.Release|x64.Build.0 = Release|x64
		{4FC7065A-6335-4D35-9FFC-E7222CF4CCBE}.Debug|Win32.ActiveCfg = Debug|Win32
		{4FC7065A-6335-4D35-9FFC-E7222CF4CCBE}.Debug|Win32.Build.0 = Debug|Win32
		{4FC7065A-6335-4D35-9FFC-E7222CF4CCBE}.Debug|x64.ActiveCfg = Debug|x64
		{4FC7065A-6335-4D35-9FFC-E7222CF4CCBE}.Debug|x64.Build.0 = Debug|x64
		{4FC7065A-6335-4D35-9FFC-E7222CF4CCBE}.Release|Win32.ActiveCfg = Release|Win32
		{4FC7065A-6335-4D35-9FFC-E7222CF4CCBE}.Release|Win32.Build.0 = Release|Win32
		{4FC7065A-6335-4D35-9FFC-E7222CF4CCBE}.Release|x64.ActiveCfg = Release|x64
		{4FC7065A-6335-4D35-9FFC-E7222CF4CCBE}.Release|x64.Build.0 = Release|x64
		{EDC2A1AB-1925-497A-B643-2AC891A614E8}.Debug|Win32.ActiveCfg = Debug|Win32
		{EDC2A1AB-1925-497A-B643-2AC891A614E8}.Debug|Win32.Build.0 = Debug|Win32
		{EDC2A1AB-1925-497A-B643-2AC891A614E8}.Debug|x64.ActiveCfg = Debug|x64
		{EDC2A1AB-1925-497A-B643-2AC891A614E8}.Debug|x64.Build.0 = Debug|x64
		{EDC2A1AB-1925-497A-B643-2AC891A614E8}.Release|Win32.ActiveCfg = Release|Win32
		{EDC2A1AB-1925-497A-B643-2AC891A614E8}.Release|Win32.Build.0 = Release|Win32
		{EDC2A1AB-1925-497A-B643-2AC891A614E8}.Release|x64.ActiveCfg = Release|x64
		{EDC2A1AB-1925-497A-B643-2AC891A614E8}.Release|x64.Build.0 = Release|x64
		{6E44B7F1-5045-493F-BF2D-E90EBA4F8E53}.Debug|Win32.ActiveCfg = Debug|Win32
		{6E44B7F1-5045-493F-BF2D-E90EBA4F8E53}.Debug|Win32.Build.0 = Debug|Win32
		{6E44B7F1-5045-493F-BF2D-E90EBA4F8E53}.Debug|x64.ActiveCfg = Debug|x64
		{6E44B7F1-5045-493F-BF2D-E90EBA4F8E53}.Debug|x64.Build.0 = Debug|x64
		{6E44B7F1-5045-493F-BF2D-E90EBA4F8E53}.Release|Win32.ActiveCfg = Release|Win32
		{6E44B7F1-5045-493F-BF2D-E90EBA4F8E53}.Release|Win32.Build.0 = Release|Win32
		{6E44B7F1-5045-493F-BF2D-E90EBA4F8E53}.Release|x64.ActiveCfg = Release|x64
		{6E44B7F1-5045-493F-BF2D-E90EBA4F8E53}.Release|x64.Build.0 = Release|x64
		{959DA9B4-A672-4AD0-923B-8DBF4C6D5068}.Debug|Win32.ActiveCfg = Debug|Win32
		{959DA9B4-A672-4AD0-923B-8DBF4C6D5068}.Debug|Win32.Build.0 = Debug|Win32
		{959DA9B4-A672-4AD0-923B-8DBF4C6D5068}.Debug|x64.ActiveCfg = Debug|x64
		{959DA9B4-A672-4AD0-923B-8DBF4C6D5068}.Debug|x64.Build.0 = Debug|x64
		{959DA9B4-A672-4AD0-923B-8DBF4C6D5068}.Release|Win32.ActiveCfg = Release|Win32
		{959DA9B4-A672-4AD0-923B-8DBF4C6D5068}.Release|Win32.Build.0 = Release|Win32
		{959DA9B4-A672-4AD0-923B-8DBF4C6D5068}.Release|x64.ActiveCfg = Release|x64
		{959DA9B4-A672-4AD0-923B-8DBF4C6D5068}.Release|x64.Build.0 = Release|x64
		{9AF4802B-879D-4AB5-9C5F-840D83874D15}.Debug|Win32.ActiveCfg = Debug|Win32
		{9AF4802B-879D-4AB5-9C5F-840D83874D15}.Debug|Win32.Build.0 = Debug|Win32
		{9AF4802B-879D-4AB5-9C5F-840D83874D15}.Debug|x64.ActiveCfg = Debug|x64
		{9AF4802B-879D-4AB5-9C5F-840D83874D15}.Debug|x64.Build.0 = Debug|x64
		{9AF4802B-879D-4AB5-9C5F-840D83874D15}.Release|Win32.ActiveCfg = Release|Win32
		{9AF4802B-879D-4AB5-9C5F-840D83874D15}.Release|Win32.Build.0 = Release|Win32
		{9AF4802B-879D-4AB5-9C5F-840D83874D15}.Release|x64.ActiveCfg = Release|x64
		{9AF4802B-879D-4AB5-9C5F-840D83874D15}.Release|x64.Build.0 = Release|x64
		{F988986F-B44A-4745-A436-82D8179FFDEA}.Debug|Win32.ActiveCfg = Debug|Win32
		{F988986F-B44A-4745-A436-82D8179FFDEA}.Debug|Win32.Build.0 = Debug|Win32
		{F988986F-B44A-4745-A436-82D8179FFDEA}.Debug|x64.ActiveCfg = Debug|x64
		{F988986F-B44A-4745-A436-82D8179FFDEA}.Debug|x64.Build.0 = Debug|x64
		{F988986F-B44A-4745-A436-82D8179FFDEA}.Release|Win32.ActiveCfg = Release|Win32
		{F988986F-B44A-4745-A436-82D8179FFDEA}.Release|Win32.Build.0 = Release|Win32
		{F988986F-B44A-4745-A436-82D8179FFDEA}.Release|x64.ActiveCfg = Release|x64
		{F988986F-B44A-4745-A436-82D8179FFDEA}.Release|x64.Build.0 = Release|x64
		{80C14196-17C4-4874-88C1-D57E679362E1}.Debug|Win32.ActiveCfg = Debug|Win32
		{80C14196-17C4-4874-88C1-D57E679362E1}.Debug|Win32.Build.0 = Debug|Win32
		{80C14196-17C4-4874-88C1-D57E679362E1}.Debug|x64.ActiveCfg = Debug|x64
		{80C14196-17C4-4874-88C1-D57E679362E1}.Debug|x64.Build.0 = Debug|x64
		{80C14196-17C4-4874-88C1-D57E679362E1}.Release|Win32.ActiveCfg = Release|Win32
		{80C14196-17C4-4874-88C1-D57E679362E1}.Release|Win32.Build.0 = Release|Win32
		{80C14196-17C4-4874-88C1-D57E679362E1}.Release|x64.ActiveCfg = Release|x64
		{80C14196-17C4-4874-88C1-D57E679362E1}.Release|x64.Build.0 = Release|x64
		{869D01C5-8A6A-42B6-AE75-C200C94792BB}.Debug|Win32.ActiveCfg = Debug|Win32
		{869D01C5-8A6A-42B6-AE75-C200C94792BB}.Debug|Win32.Build.0 = Debug|Win32
		{869D01C5-8A6A-42B6-AE75-C200C94792BB}.Debug|x64.ActiveCfg = Debug|x64
		{869D01C5-8A6A-42B6-AE75-C200C94792BB}.Debug|x64.Build.0 = Debug|x64
		{869D01C5-8A6A-42B6-AE75-C200C94792BB}.Release|Win32.ActiveCfg = Release|Win32
		{869D01C5-8A6A-42B6-AE75-C200C94792BB}.Release|Win32.Build.0 = Release|Win32
		{869D01C5-8A6A-42B6-AE75-C200C94792BB}.Release|x64.ActiveCfg = Release|x64
		{869D01C5-8A6A-42B6-AE75-C200C94792BB}.Release|x64.Build.0 = Release|x64
		{61181816-8A1E-4301-A08C-C187F2E9043B}.Debug|Win32.ActiveCfg = Debug|Win32
		{61181816-8A1E-4301-A08C-C187F2E9043B}.Debug|Win32.Build.0 = Debug|Win32
		{61181816-8A1E-4301-A08C-C187F2E9043B}.Debug|x64.ActiveCfg = Debug|x64
		{61181816-8A1E-4301-A08C-C187F2E9043B}.Debug|x64.Build.0 = Debug|x64
		{61181816-8A1E-4301-A08C-C187F2E9043B}.Release|Win32.ActiveCfg = Release|Win32
		{61181816-8A1E-4301-A08C-C187F2E9043B}.Release|Win32.Build.0 = Release|Win32
		{61181816-8A1E-4301-A08C-C187F2E9043B}.Release|x64.ActiveCfg = Release|x64
		{61181816-8A1E-4301-A08C-C187F2E9043B}.Release|x64.Build.0 = Release|x64
		{698956D0-FBB0-43C0-B450-260F17D92A76}.Debug|Win32.ActiveCfg = Debug|Win32
		{698956D0-FBB0-43C0-B450-260F17D92A76}.Debug|Win32.Build.0 = Debug|Win32
		{698956D0-FBB0-43C0-B450-260F17D92A76}.Debug|x64.ActiveCfg = Debug|x64
		{698956D0-FBB0-43C0-B450-260F17D92A76}.Debug|x64.Build.0 = Debug|x64
		{698956D0-FBB0-43C0-B450-260F17D92A76}.Release|Win32.ActiveCfg = Release|Win32
		{698956D0-FBB0-43C0-B450-260F17D92A76}.Release|Win32.Build.0 = Release|Win32
		{698956D0-FBB0-43C0-B450-260F17D92A76}.Release|x64.ActiveCfg = Release|x64
		{698956D0-FBB0-43C0-B450-260F17D92A76}.Release|x64.Build.0 = Release|x64
		{58E6F7D0-FB02-453B-84EA-16CB8DF646CC}.Debug|Win32.ActiveCfg = Debug|Win32
		{58E6F7D0-FB02-453B-84EA-16CB8DF646CC}.Debug|Win32.Build.0 = Debug|Win32
		{58E6F7D0-FB02-453B-84EA-16CB8DF646CC}.Debug|x64.ActiveCfg = Debug|x64
		{58E6F7D0-FB02-453B-84EA-16CB8DF646CC}.Debug|x64.Build.0 = Debug|x64
		{58E6F7D0-FB02-453B-84EA-16CB8DF646CC}.Release|Win32.ActiveCfg = Release|Win32
		{58E6F7D0-FB02-453B-84EA-16CB8DF646CC}.Release|Win32.Build.0 = Release|Win32
		{58E6F7D0-FB02-453B-84EA-16CB8DF646CC}.Release|x64.ActiveCfg = Release|x64
		{58E6F7D0-FB02-453B-84EA-16CB8DF646CC}.Release|x64.Build.0 = Release|x64
		{FB7C8BD5-55A8-4340-B7CF-56B408CFBA59}.Debug|Win32.ActiveCfg = Debug|Win32
		{FB7C8BD5-55A8-4340-B7CF-56B408CFBA59}.Debug|Win32.Build.0 = Debug|Win32
		{FB7C8BD5-55A8-4340-B7CF-56B408CFBA59}.Debug|x64.ActiveCfg = Debug|x64
		{FB7C8BD5-55A8-4340-B7CF-56B408CFBA59}.Debug|x64.Build.0 = Debug|x64
		{FB7C8BD5-55A8-4340-B7CF-56B408CFBA59}.Release|Win32.ActiveCfg = Release|Win32
		{FB7C8BD5-55A8-4340-B7CF-56B408CFBA59}.Release|Win32.Build.0 = Release|Win32
		{FB7C8BD5-55A8-4340-B7CF-56B408CFBA59}.Release|x64.ActiveCfg = Release|x64
		{FB7C8BD5-55A8-4340-B7CF-56B408CFBA59}.Release|x64.Build.0 = Release|x64
		{FFAC6B24-7C6D-41EE-A984-DFD824B46F08}.Debug|Win32.ActiveCfg = Debug|Win32
		{FFAC6B24-7C6D-41EE-A984-DFD824B46F08}.Debug|Win32.Build.0 = Debug|Win32
		{FFAC6B24-7C6D-41EE-A984-DFD824B46F08}.Debug|x64.ActiveCfg = Debug|x64
		{FFAC6B24-7C6D-41EE-A984-DFD824B46F08}.Debug|x64.Build.0 = Debug|x64
		{FFAC6B24-7C6D-41EE-A984-DFD824B46F08}.Release|Win32.ActiveCfg = Release|Win32
		{FFAC6B24-7C6D-41EE-A984-DFD824B46F08}.Release|Win32.Build.0 = Release|Win32
		{FFAC6B24-7C6D-41EE-A984-DFD824B46F08}.Release|x64.ActiveCfg = Release|x64
		{FFAC6B24-7C6D-41EE-A984-DFD824B46F08}.Release|x64.Build.0 = Release|x64
		{5B62D756-42FE-44FD-AF64-5E00DF50F543}.Debug|Win32.ActiveCfg = Debug|Win32
		{5B62D756-42FE-44FD-AF64-5E00DF50F543}.Debug|Win32.Build.0 = Debug|Win32
		{5B62D756-42FE-44FD-AF64-5E00DF50F543}.Debug|x64.ActiveCfg = Debug|x64
		{5B62D756-42FE-44FD-AF64-5E00DF50F543}.Debug|x64.Build.0 = Debug|x64
		{5B62D756-42FE-44FD-AF64-5E00DF50F543}.Release|Win32.ActiveCfg = Release|Win32
		{5B62D756-42FE-44FD-AF64-5E00DF50F543}.Release|Win32.Build.0 = Release|Win32
		{5B62D756-42FE-44FD-AF64-5E00DF50F543}.Release|x64.ActiveCfg = Release|x64
		{5B62D756-42FE-44FD-AF64-5E00DF50F543}.Release|x64.Build.0 = Release|x64
		{CE9A670E-8C1B-4F2E-8EA8-8FFD86F151EE}.Debug|Win32.ActiveCfg = Debug|Win32
		{CE9A670E-8C1B-4F2E-8EA8-8FFD86F151EE}.Debug|Win32.Build.0 = Debug|Win32
		{CE9A670E-8C1B-4F2E-8EA8-8FFD86F151EE}.Debug|x64.ActiveCfg = Debug|x64
		{CE9A670E-8C1B-4F2E-8EA8-8FFD86F151EE}.Debug|x64.Build.0 = Debug|x64
		{CE9A670E-8C1B-4F2E-8EA8-8FFD86F151EE}.Release|Win32.ActiveCfg = Release|Win32
		{CE9A670E-8C1B-4F2E-8EA8-8FFD86F151EE}.Release|Win32.Build.0 = Release|Win32
		{CE9A670E-8C1B-4F2E-8EA8-8FFD86F151EE}.Release|x64.ActiveCfg = Release|x64
		{CE9A670E-8C1B-4F2E-8EA8-8FFD86F151EE}.Release|x64.Build.0 = Release|x64
		{FB3E1E8D-51F1-4A67-B03A-65726AE012B5}.Debug|Win32.ActiveCfg = Debug|Win32
		{FB3E1E8D-51F1-4A67-B03A-65726AE012B5}.Debug|Win32.Build.0 = Debug|Win32
		{FB3E1E8D-51F1-4A67-B03A-65726AE012B5}.Debug|x64.ActiveCfg = Debug|x64
		{FB3E1E8D-51F1-4A67-B03A-65726AE012B5}.Debug|x64.Build.0 = Debug|x64
		{FB3E1E8D-51F1-4A67-B03A-65726AE012B5}.Release|Win32.ActiveCfg = Release|Win32
		{FB3E1E8D-51F1-4A67-B03A-65726AE012B5}.Release|Win32.Build.0 = Release|Win32
		{FB3E1E8D-51F1-4A67-B03A-65726AE012B5}.Release|x64.ActiveCfg = Release|x64
		{FB3E1E8D-51F1-4A67-B03A-65726AE012B5}.Release|x64.Build.0 = Release|x64
		{2FEAC5FD-E7B2-469A-8109-AA465A468280}.Debug|Win32.ActiveCfg = Debug|Win32
		{2FEAC5FD-E7B2-469A-8109-AA465A468280}.Debug|Win32.Build.0 = Debug|Win32
		{2FEAC5FD-E7B2-469A-8109-AA465A468280}.Debug|x64.ActiveCfg = Debug|x64
		{2FEAC5FD-E7B2-469A-8109-AA465A468280}.Debug|x64.Build.0 = Debug|x64
		{2FEAC5FD-E7B2-469A-8109-AA465A468280}.Release|Win32.ActiveCfg = Release|Win32
		{2FEAC5FD-E7B2-469A-8109-AA465A468280}.Release|Win32.Build.0 = Release|Win32
		{2FEAC5FD-E7B2-469A-8109-AA465A468280}.Release|x64.ActiveCfg = Release|x64
		{2FEAC5FD-E7B2-469A-8109-AA465A468280}.Release|x64.Build.0 = Release|x64
		{AD6DCDC0-0EE2-4ABA-8126-5169DE0D6464}.Debug|Win32.ActiveCfg = Debug|Win32
		{AD6DCDC0-0EE2-4ABA-8126-5169DE0D6464}.Debug|Win32.Build.0 = Debug|Win32
		{AD6DCDC0-0EE2-4ABA-8126-5169DE0D6464}.Debug|x64.ActiveCfg = Debug|x64
		{AD6DCDC0-0EE2-4ABA-8126-5169DE0D6464}.Debug|x64.Build.0 = Debug|x64
		{AD6DCDC0-0EE2-4ABA-8126-5169DE0D6464}.Release|Win32.ActiveCfg = Release|Win32
		{AD6DCDC0-0EE2-4ABA-8126-5169DE0D6464}.Release|Win32.Build.0 = Release|Win32
		{AD6DCDC0-0EE2-4ABA-8126-5169DE0D6464}.Release|x64.ActiveCfg = Release|x64
		{AD6DCDC0-0EE2-4ABA-8126-5169DE0D6464}.Release|x64.Build.0 = Release|x64
		{7BB76F62-0CBF-4BCA-9B9D-AC36E9B74099}.Debug|Win32.ActiveCfg = Debug|Win32
		{7BB76F62-0CBF-4BCA-9B9D-AC36E9B74099}.Debug|Win32.Build.0 = Debug|Win32
		{7BB76F62-0CBF-4BCA-9B9D-AC36E9B74099}.Debug|x64.ActiveCfg = Debug|x64
		{7BB76F62-0CBF-4BCA-9B9D-AC36E9B74099}.Debug|x64.Build.0 = Debug|x64
		{7BB76F62-0CBF-4BCA-9B9D-AC36E9B74099}.Release|Win32.ActiveCfg = Release|Win32
		{7BB76F62-0CBF-4BCA-9B9D-AC36E9B74099}.Release|Win32.Build.0 = Release|Win32
		{7BB76F62-0CBF-4BCA-9B9D-AC36E9B74099}.Release|x64.ActiveCfg = Release|x64
		{7BB76F62-0CBF-4BCA-9B9D-AC36E9B74099}.Release|x64.Build.0 = Release|x64
		{EFC83FD8-000B-45F8-BDDF-65E02FCCDD37}.Debug|Win32.ActiveCfg = Debug|Win32
		{EFC83FD8-000B-45F8-BDDF-65E02FCCDD37}.Debug|Win32.Build.0 = Debug|Win32
		{EFC83FD8-000B-45F8-BDDF-65E02FCCDD37}.Debug|x64.ActiveCfg = Debug|x64
		{EFC83FD8-000B-45F8-BDDF-65E02FCCDD37}.Debug|x64.Build.0 = Debug|x64
		{EFC83FD8-000B-45F8-BDDF-65E02FCCDD37}.Release|Win32.ActiveCfg = Release|Win32
		{EFC83FD8-000B-45F8-BDDF-65E02FCCDD37}.Release|Win32.Build.0 = Release|Win32
		{EFC83FD8-000B-45F8-BDDF-65E02FCCDD37}.Release|x64.ActiveCfg = Release|x64
		{EFC83FD8-000B-45F8-BDDF-65E02FCCDD37}.Release|x64.Build.0 = Release|x64
		{A6DEA158-8A97-4DE7-A923-A2B43AAF9613}.Debug|Win32.ActiveCfg = Debug|Win32
		{A6DEA158-8A97-4DE7-A923-A2B43AAF9613}.Debug|Win32.Build.0 = Debug|Win32
		{A6DEA158-8A97-4DE7-A923-A2B43AAF9613}.Debug|x64.ActiveCfg = Debug|x64
		{A6DEA158-8A97-4DE7-A923-A2B43AAF9613}.Debug|x64.Build.0 = Debug|x64
		{A6DEA158-8A97-4DE7-A923-A2B43AAF9613}.Release|Win32.ActiveCfg = Release|Win32
		{A6DEA158-8A97-4DE7-A923-A2B43AAF9613}.Release|Win32.Build.0 = Release|Win32
		{A6DEA158-8A97-4DE7-A923-A2B43AAF9613}.Release|x64.ActiveCfg = Release|x64
		{A6DEA158-8A97-4DE7-A923-A2B43AAF9613}.Release|x64.Build.0 = Release|x64
		{E3C228D8-4DBA-4B78-AF1F-9021423857FE}.Debug|Win32.ActiveCfg = Debug|Win32
		{E3C228D8-4DBA-4B78-AF1F-9021423857FE}.Debug|Win32.Build.0 = Debug|Win32
		{E3C228D8-4DBA-4B78-AF1F-9021423857FE}.Debug|x64.ActiveCfg = Debug|x64
		{E3C228D8-4DBA-4B78-AF1F-9021423857FE}.Debug|x64.Build.0 = Debug|x64
		{E3C228D8-4DBA-4B78-AF1F-9021423857FE}.Release|Win32.ActiveCfg = Release|Win32
		{E3C228D8-4DBA-4B78-AF1F-9021423857FE}.Release|Win32.Build.0 = Release|Win32
		{E3C228D8-4DBA-4B78-AF1F-9021423857FE}.Release|x64.ActiveCfg = Release|x64
		{E3C228D8-4DBA-4B78-AF1F-9021423857FE}.Release|x64.Build.0 = Release|x64
		{E32C55C2-749E-4DFE-9344-C613238DFB71}.Debug|Win32.ActiveCfg = Debug|Win32
		{E32C55C2-749E-4DFE-9344-C613238DFB71}.Debug|Win32.Build.0 = Debug|Win32
		{E32C55C2-749E-4DFE-9344-C613238DFB71}.Debug|x64.ActiveCfg = Debug|x64
		{E32C55C2-749E-4DFE-9344-C613238DFB71}.Debug|x64.Build.0 = Debug|x64
		{E32C55C2-749E-4DFE-9344-C613238DFB71}.Release|Win32.ActiveCfg = Release|Win32
		{E32C55C2-749E-4DFE-9344-C613238DFB71}.Release|Win32.Build.0 = Release|Win32
		{E32C55C2-749E-4DFE-9344-C613238DFB71}.Release|x64.ActiveCfg = Release|x64
		{E32C55C2-749E-4DFE-9344-C613238DFB71}.Release|x64.Build.0 = Release|x64
		{8B3702D5-1CE7-493B-853A-CD24FA4C262A}.Debug|Win32.ActiveCfg = Debug|Win32
		{8B3702D5-1CE7-493B-853A-CD24FA4C262A}.Debug|Win32.Build.0 = Debug|Win32
		{8B3702D5-1CE7-493B-853A-CD24FA4C262A}.Debug|x64.ActiveCfg = Debug|x64
		{8B3702D5-1CE7-493B-853A-CD24FA4C262A}.Debug|x64.Build.0 = Debug|x64
		{8B3702D5-1CE7-493B-853A-CD24FA4C262A}.Release|Win32.ActiveCfg = Release|Win32
		{8B3702D5-1CE7-493B-853A-CD24FA4C262A}.Release|Win32.Build.0 = Release|Win32
		{8B3702D5-1CE7-493B-853A-CD24FA4C262A}.Release|x64.ActiveCfg = Release|x64
		{8B3702D5-1CE7-493B-853A-CD24FA4C262A}.Release|x64.Build.0 = Release|x64
		{EE914304-E961-402F-B397-5A1537CD5ABD}.Debug|Win32.ActiveCfg = Debug|Win32
		{EE914304-E961-402F-B397-5A1537CD5ABD}.Debug|Win32.Build.0 = Debug|Win32
		{EE914304-E961-402F-B397-5A1537CD5ABD}.Debug|x64.ActiveCfg = Debug|x64
		{EE914304-E961-402F-B397-5A1537CD5ABD}.Debug|x64.Build.0 = Debug|x64
		{EE914304-E961-402F-B397-5A1537CD5ABD}.Release|Win32.ActiveCfg = Release|Win32
		{EE914304-E961-402F-B397-5A1537CD5ABD}.Release|Win32.Build.0 = Release|Win32
		{EE914304-E961-402F-B397-5A1537CD5ABD}.Release|x64.ActiveCfg = Release|x64
		{EE914304-E961-402F-B397-5A1537CD5ABD}.Release|x64.Build.0 = Release|x64
		{77257A23-E431-4E1A-B3FA-1E255B0C4EC8}.Debug|Win32.ActiveCfg = Debug|Win32
		{77257A23-E431-4E1A-B3FA-1E255B0C4EC8}.Debug|Win32.Build.0 = Debug|Win32
		{77257A23-E431-4E1A-B3FA-1E255B0C4EC8}.Debug|x64.ActiveCfg = Debug|x64
		{77257A23-E431-4E1A-B3FA-1E255B0C4EC8}.Debug|x64.Build.0 = Debug|x64
		{77257A23-E431-4E1A-B3FA-1E255B0C4EC8}.Release|Win32.ActiveCfg = Release|Win32
		{77257A23-E431-4E1A-B3FA-1E255B0C4EC8}.Release|Win32.Build.0 = Release|Win32
		{77257A23-E431-4E1A-B3FA-1E255B0C4EC8}.Release|x64.ActiveCfg = Release|x64
		{77257A23-E431-4E1A-B3FA-1E255B0C4EC8}.Release|x64.Build.0 = Release|x64
	EndGlobalSection
	GlobalSection(SolutionProperties) = preSolution
		HideSolutionNode = FALSE
	EndGlobalSection
EndGlobal
